// !$*UTF8*$!
{
	archiveVersion = 1;
	classes = {
	};
	objectVersion = 51;
	objects = {

/* Begin PBXBuildFile section */
		0875113739E46BE8517E5B1D /* AtomRuleTests.swift in Sources */ = {isa = PBXBuildFile; fileRef = 80E6FB4023687C4FAC161AE1 /* AtomRuleTests.swift */; };
		097A5471A3FB4E10E11CBE75 /* RuleMock.swift in Sources */ = {isa = PBXBuildFile; fileRef = A06F5571C52663D439B6C0A0 /* RuleMock.swift */; };
		0B0E9E8D8DBFD90EDD3D3D3A /* ResolvingContextMock.swift in Sources */ = {isa = PBXBuildFile; fileRef = 8C511D00E062E505224B8872 /* ResolvingContextMock.swift */; };
		0EDEFD1608BE74BF4FC68A07 /* AtomRule.swift in Sources */ = {isa = PBXBuildFile; fileRef = B5B22A6307B921F64F010C41 /* AtomRule.swift */; };
		13025556516D516060EB34F0 /* AppDelegate.swift in Sources */ = {isa = PBXBuildFile; fileRef = 334DB99AF348B72E4F6E3CC8 /* AppDelegate.swift */; };
		1370F56CF62DAD4F565B6AF1 /* Plug.framework in Frameworks */ = {isa = PBXBuildFile; fileRef = FE3138EEE6FF56AF3063C59F /* Plug.framework */; };
		178D71B182906568DBB69973 /* AnyRuleTests.swift in Sources */ = {isa = PBXBuildFile; fileRef = 28D6DDA997D8D4C9CEED1565 /* AnyRuleTests.swift */; };
		19A2382DE9E3FCC6AD1C30D0 /* AnyRuleTests.swift in Sources */ = {isa = PBXBuildFile; fileRef = 28D6DDA997D8D4C9CEED1565 /* AnyRuleTests.swift */; };
		19BFC5F835EDBFF1A370563D /* DisabledRuleTests.swift in Sources */ = {isa = PBXBuildFile; fileRef = 05A716952D7803BDFB39A6E4 /* DisabledRuleTests.swift */; };
		1CF6CF4A49818432430B9B6F /* IdentifiablePluginTests.swift in Sources */ = {isa = PBXBuildFile; fileRef = B200DC3624AD65021B450277 /* IdentifiablePluginTests.swift */; };
		1D7283BE1F4E9167C4510004 /* RuleMock.swift in Sources */ = {isa = PBXBuildFile; fileRef = A06F5571C52663D439B6C0A0 /* RuleMock.swift */; };
		1D7E0CB6CAECAF0BE53FAB8F /* IdentifiablePluginTests.swift in Sources */ = {isa = PBXBuildFile; fileRef = B200DC3624AD65021B450277 /* IdentifiablePluginTests.swift */; };
		1F194D5E0A91B0EC181C0D7C /* PluginPoint.swift in Sources */ = {isa = PBXBuildFile; fileRef = 6B0379C906D8097DC2842A6F /* PluginPoint.swift */; };
		205399837D72B2BD8290ADD9 /* PluginPointBuilder.swift in Sources */ = {isa = PBXBuildFile; fileRef = D49451CA22A979F0730D7BEE /* PluginPointBuilder.swift */; };
		23A426032F3CA78EFEC0B215 /* Pods_PlugTests_tvOS.framework in Frameworks */ = {isa = PBXBuildFile; fileRef = F65FC6BA648C99E07C7C9158 /* Pods_PlugTests_tvOS.framework */; };
		26C9725A3DF70B7F40F9238F /* Preview Assets.xcassets in Resources */ = {isa = PBXBuildFile; fileRef = 72C7690BD2DE3594E10A17C9 /* Preview Assets.xcassets */; };
		284C97B758BAA1BEA7530D07 /* EnabledRuleTests.swift in Sources */ = {isa = PBXBuildFile; fileRef = C7BCE564B2A78E0DC6897249 /* EnabledRuleTests.swift */; };
		292793705B74BB030B460493 /* Plug.framework in Embed Frameworks */ = {isa = PBXBuildFile; fileRef = FE3138EEE6FF56AF3063C59F /* Plug.framework */; settings = {ATTRIBUTES = (CodeSignOnCopy, RemoveHeadersOnCopy, ); }; };
		2DC0826A44667CC5AC09FCAC /* PRuleResolvingContext.swift in Sources */ = {isa = PBXBuildFile; fileRef = 655E1DEB6B505B9E835C5B00 /* PRuleResolvingContext.swift */; };
		2E62F1786E62B12FEA22AADB /* Pods_PlugTests_macOS.framework in Frameworks */ = {isa = PBXBuildFile; fileRef = E2D8AE362366E0C64FC2AEC8 /* Pods_PlugTests_macOS.framework */; };
		2FB6FF2339274E1CBF3DC5F4 /* PRule.swift in Sources */ = {isa = PBXBuildFile; fileRef = B9AB953D44967E73DA60F123 /* PRule.swift */; };
		363E7F1DCE6D7514FF880EC3 /* Plug.framework in Embed Frameworks */ = {isa = PBXBuildFile; fileRef = FE3138EEE6FF56AF3063C59F /* Plug.framework */; settings = {ATTRIBUTES = (CodeSignOnCopy, RemoveHeadersOnCopy, ); }; };
		36B0A235E760039AA2F0358F /* Plug.framework in Embed Frameworks */ = {isa = PBXBuildFile; fileRef = FE3138EEE6FF56AF3063C59F /* Plug.framework */; settings = {ATTRIBUTES = (CodeSignOnCopy, RemoveHeadersOnCopy, ); }; };
		3F46B3D990C2FA4EE2E2E2C9 /* HelloWorldView.swift in Sources */ = {isa = PBXBuildFile; fileRef = 957B62E27F5CC8BCC128C950 /* HelloWorldView.swift */; };
		417BBFBED2E323337523B937 /* PluginPointBuilder.swift in Sources */ = {isa = PBXBuildFile; fileRef = D49451CA22A979F0730D7BEE /* PluginPointBuilder.swift */; };
		46168BD65406B6DA3566C6EA /* PluginMock.swift in Sources */ = {isa = PBXBuildFile; fileRef = FBE90C94AAA371C6B5D7AC7F /* PluginMock.swift */; };
		46C11BEDBB20CE68AF9DFEDE /* AnyRule.swift in Sources */ = {isa = PBXBuildFile; fileRef = 95DB29086283C974D1595B7A /* AnyRule.swift */; };
		4A256BEFB4B9C5CDC59EDFAB /* ResolvingContextMock.swift in Sources */ = {isa = PBXBuildFile; fileRef = 8C511D00E062E505224B8872 /* ResolvingContextMock.swift */; };
		4B33F218A1BC9C7B7688EE24 /* MainMenuContext.swift in Sources */ = {isa = PBXBuildFile; fileRef = 7EC2BFF0A416A4F8978F0183 /* MainMenuContext.swift */; };
		4BA37A0D985C825F9796D6FE /* ViewPlugin.swift in Sources */ = {isa = PBXBuildFile; fileRef = 1A9C7709D2270D2196C83739 /* ViewPlugin.swift */; };
		4C9B668002722B353C8F838A /* PluginPointBuilder.swift in Sources */ = {isa = PBXBuildFile; fileRef = D49451CA22A979F0730D7BEE /* PluginPointBuilder.swift */; };
		542710D5FBF014C5271AC04F /* Plug.framework in Embed Frameworks */ = {isa = PBXBuildFile; fileRef = FE3138EEE6FF56AF3063C59F /* Plug.framework */; settings = {ATTRIBUTES = (CodeSignOnCopy, RemoveHeadersOnCopy, ); }; };
		58B435A2A75FD69F4D6CC215 /* Main.storyboard in Resources */ = {isa = PBXBuildFile; fileRef = 28A9C7B0C11570B4D4052C56 /* Main.storyboard */; };
		5968E69303205480FE7318F5 /* FeatureEnabledRule.swift in Sources */ = {isa = PBXBuildFile; fileRef = E0890186805336EAD99D49D2 /* FeatureEnabledRule.swift */; };
		5B0E0EBBC236B0DFF0BF8410 /* AtomRule.swift in Sources */ = {isa = PBXBuildFile; fileRef = B5B22A6307B921F64F010C41 /* AtomRule.swift */; };
		5B6749C4DE8EA1DD794A40F3 /* PluginPointBuilder.swift in Sources */ = {isa = PBXBuildFile; fileRef = D49451CA22A979F0730D7BEE /* PluginPointBuilder.swift */; };
		5D68DB5B792852CBC5F3668A /* PPlugin.swift in Sources */ = {isa = PBXBuildFile; fileRef = 17548779DBED5655FAD13A74 /* PPlugin.swift */; };
		604EE585F58065762E2A05F7 /* Pods_PlugTests_iOS.framework in Frameworks */ = {isa = PBXBuildFile; fileRef = FEF8E6EE96403FAF16C6E828 /* Pods_PlugTests_iOS.framework */; };
		60D5D114294121FC9C8CF984 /* AnyRule.swift in Sources */ = {isa = PBXBuildFile; fileRef = 95DB29086283C974D1595B7A /* AnyRule.swift */; };
		639A81F848F36CEAA491E892 /* AnyRuleTests.swift in Sources */ = {isa = PBXBuildFile; fileRef = 28D6DDA997D8D4C9CEED1565 /* AnyRuleTests.swift */; };
		66CBC5C54D8C32DA0D3435ED /* PluginPointBuilderTests.swift in Sources */ = {isa = PBXBuildFile; fileRef = 60CD57AA0149C1C87B2D6FFE /* PluginPointBuilderTests.swift */; };
		6EE2A9258633E136B7137A84 /* IdentifiedPlugin.swift in Sources */ = {isa = PBXBuildFile; fileRef = 6152275853AF67DE1B8BB2A0 /* IdentifiedPlugin.swift */; };
		6F3F7E64960ECB73944F3759 /* RuleMock.swift in Sources */ = {isa = PBXBuildFile; fileRef = A06F5571C52663D439B6C0A0 /* RuleMock.swift */; };
		70EC07A5013F65B71031BBF2 /* PRule.swift in Sources */ = {isa = PBXBuildFile; fileRef = B9AB953D44967E73DA60F123 /* PRule.swift */; };
		70EC6D626665AA0F8B724B98 /* EnabledRule.swift in Sources */ = {isa = PBXBuildFile; fileRef = 220821FE5FC7BDAD7528DDDD /* EnabledRule.swift */; };
		73FA1974F1053DA55579CA89 /* AtomRuleTests.swift in Sources */ = {isa = PBXBuildFile; fileRef = 80E6FB4023687C4FAC161AE1 /* AtomRuleTests.swift */; };
		749655DBB51C57A9D011517B /* IdentifiablePluginTests.swift in Sources */ = {isa = PBXBuildFile; fileRef = B200DC3624AD65021B450277 /* IdentifiablePluginTests.swift */; };
		74A6EE9B2F01762CEF30F51E /* PPlugin.swift in Sources */ = {isa = PBXBuildFile; fileRef = 17548779DBED5655FAD13A74 /* PPlugin.swift */; };
		7731D42910F540C897DB74AB /* PRuleResolvingContext.swift in Sources */ = {isa = PBXBuildFile; fileRef = 655E1DEB6B505B9E835C5B00 /* PRuleResolvingContext.swift */; };
		785924DD18B63E6050427F1F /* Plug.framework in Frameworks */ = {isa = PBXBuildFile; fileRef = FE3138EEE6FF56AF3063C59F /* Plug.framework */; };
		7F46CA7B05400DCBD73940D8 /* IdentifiedPlugin.swift in Sources */ = {isa = PBXBuildFile; fileRef = 6152275853AF67DE1B8BB2A0 /* IdentifiedPlugin.swift */; };
		896D224A6ADF4836348B6109 /* DisabledRule.swift in Sources */ = {isa = PBXBuildFile; fileRef = 02EBE5E2CC7772D2495C31F8 /* DisabledRule.swift */; };
		8DBB74A455AE402C5D09B4DD /* EnabledRule.swift in Sources */ = {isa = PBXBuildFile; fileRef = 220821FE5FC7BDAD7528DDDD /* EnabledRule.swift */; };
		8F4BF890AC2995F1940463BE /* ResolvingContextMock.swift in Sources */ = {isa = PBXBuildFile; fileRef = 8C511D00E062E505224B8872 /* ResolvingContextMock.swift */; };
		90BBFA79A7968A109023CF21 /* PRuleResolvingContext.swift in Sources */ = {isa = PBXBuildFile; fileRef = 655E1DEB6B505B9E835C5B00 /* PRuleResolvingContext.swift */; };
		9590F8194465CB482D884A3B /* EnabledRuleTests.swift in Sources */ = {isa = PBXBuildFile; fileRef = C7BCE564B2A78E0DC6897249 /* EnabledRuleTests.swift */; };
		9828D381E6430476A948BBE5 /* DisabledRuleTests.swift in Sources */ = {isa = PBXBuildFile; fileRef = 05A716952D7803BDFB39A6E4 /* DisabledRuleTests.swift */; };
		994A7D0F44B5BEB4112B2271 /* PRule.swift in Sources */ = {isa = PBXBuildFile; fileRef = B9AB953D44967E73DA60F123 /* PRule.swift */; };
		9AE67C242F6A71E5904E9E9B /* AnyRule.swift in Sources */ = {isa = PBXBuildFile; fileRef = 95DB29086283C974D1595B7A /* AnyRule.swift */; };
		9BCEF9B5BF53A90E31F75D34 /* PluginMock.swift in Sources */ = {isa = PBXBuildFile; fileRef = FBE90C94AAA371C6B5D7AC7F /* PluginMock.swift */; };
		9E36D23889FF4337BBBAE1A6 /* Pods_Plug_macOS.framework in Frameworks */ = {isa = PBXBuildFile; fileRef = 30064EBAD844AE35420DA5C4 /* Pods_Plug_macOS.framework */; };
		A020F5B526F43E6432734F71 /* PFeatureResolvableContext.swift in Sources */ = {isa = PBXBuildFile; fileRef = 4810C6248BC38F4B6F64F47A /* PFeatureResolvableContext.swift */; };
		A60059C0B5F56A276FC80A5E /* DisabledRule.swift in Sources */ = {isa = PBXBuildFile; fileRef = 02EBE5E2CC7772D2495C31F8 /* DisabledRule.swift */; };
		A84EDB4263E0C893FFF053CC /* PluginPointBuilderTests.swift in Sources */ = {isa = PBXBuildFile; fileRef = 60CD57AA0149C1C87B2D6FFE /* PluginPointBuilderTests.swift */; };
		B203B096ABDDECFC2EFBFE11 /* Plug.framework in Frameworks */ = {isa = PBXBuildFile; fileRef = FE3138EEE6FF56AF3063C59F /* Plug.framework */; };
		B31E4F2B39ED9DAE78E41CDB /* Assets.xcassets in Resources */ = {isa = PBXBuildFile; fileRef = A794C260CF9C84694B269B69 /* Assets.xcassets */; };
		B3EF61C694E8FE70D90B8972 /* PPlugin.swift in Sources */ = {isa = PBXBuildFile; fileRef = 17548779DBED5655FAD13A74 /* PPlugin.swift */; };
		BE98B2C2B861633BFA98B229 /* PluginMock.swift in Sources */ = {isa = PBXBuildFile; fileRef = FBE90C94AAA371C6B5D7AC7F /* PluginMock.swift */; };
		BF25732A943BF47778600659 /* DisabledRuleTests.swift in Sources */ = {isa = PBXBuildFile; fileRef = 05A716952D7803BDFB39A6E4 /* DisabledRuleTests.swift */; };
		C2F882B68D368DF990935D20 /* AtomRule.swift in Sources */ = {isa = PBXBuildFile; fileRef = B5B22A6307B921F64F010C41 /* AtomRule.swift */; };
		C6C67EB5F41D2D74C1E49EA1 /* MainMenuPluginsFactory.swift in Sources */ = {isa = PBXBuildFile; fileRef = B435F1943DF6408A96FB2455 /* MainMenuPluginsFactory.swift */; };
		C6E01ABA489FE78A69CD6A0E /* PluginPoint.swift in Sources */ = {isa = PBXBuildFile; fileRef = 6B0379C906D8097DC2842A6F /* PluginPoint.swift */; };
		C99A63869A5020066121CB5D /* Pods_Example.framework in Frameworks */ = {isa = PBXBuildFile; fileRef = C68FC30A3375B3DC3F33AFC2 /* Pods_Example.framework */; };
		CB09428A1D17B12001662C56 /* Pods_Plug_tvOS.framework in Frameworks */ = {isa = PBXBuildFile; fileRef = 723F2F8CBEE6AF02D2256EED /* Pods_Plug_tvOS.framework */; };
		CB981B2D1B7E033D8C8F72A6 /* IdentifiedPlugin.swift in Sources */ = {isa = PBXBuildFile; fileRef = 6152275853AF67DE1B8BB2A0 /* IdentifiedPlugin.swift */; };
		CEEDEDB9593900F24667E2F3 /* DisabledRule.swift in Sources */ = {isa = PBXBuildFile; fileRef = 02EBE5E2CC7772D2495C31F8 /* DisabledRule.swift */; };
		D189C3F91E21E7165816055B /* AtomRuleTests.swift in Sources */ = {isa = PBXBuildFile; fileRef = 80E6FB4023687C4FAC161AE1 /* AtomRuleTests.swift */; };
		D26F1129A44BFA64A8313E43 /* Pods_Plug_watchOS.framework in Frameworks */ = {isa = PBXBuildFile; fileRef = C4C64CC74369438BEE71089D /* Pods_Plug_watchOS.framework */; };
		D31AEAFA2FFF64798CBDB78E /* PluginPoint.swift in Sources */ = {isa = PBXBuildFile; fileRef = 6B0379C906D8097DC2842A6F /* PluginPoint.swift */; };
		D3F9618CF83AE658317AC5FF /* AnyRule.swift in Sources */ = {isa = PBXBuildFile; fileRef = 95DB29086283C974D1595B7A /* AnyRule.swift */; };
		D711A68C227D05B2984AD2C2 /* PluginPoint.swift in Sources */ = {isa = PBXBuildFile; fileRef = 6B0379C906D8097DC2842A6F /* PluginPoint.swift */; };
		DABE9300046A12E9C279FD82 /* PluginPointBuilderTests.swift in Sources */ = {isa = PBXBuildFile; fileRef = 60CD57AA0149C1C87B2D6FFE /* PluginPointBuilderTests.swift */; };
		E0F51AC71884745403FF90D6 /* Pods_Plug_iOS.framework in Frameworks */ = {isa = PBXBuildFile; fileRef = 1B8804C1BF6C0B30BDE2A553 /* Pods_Plug_iOS.framework */; };
		E1649BD8B5403432BE0B7FAD /* AtomRule.swift in Sources */ = {isa = PBXBuildFile; fileRef = B5B22A6307B921F64F010C41 /* AtomRule.swift */; };
		E50BDF66821B4CA81197532B /* DisabledRule.swift in Sources */ = {isa = PBXBuildFile; fileRef = 02EBE5E2CC7772D2495C31F8 /* DisabledRule.swift */; };
		E57DEE6C4E26AB6BE9F6C22E /* PPlugin.swift in Sources */ = {isa = PBXBuildFile; fileRef = 17548779DBED5655FAD13A74 /* PPlugin.swift */; };
		E5E49BE92219E1B40915FF21 /* ContentView.swift in Sources */ = {isa = PBXBuildFile; fileRef = F8CC47F68AF1F0BFAC9349F1 /* ContentView.swift */; };
		E7AE9AF235E541330617D61F /* Plug.framework in Frameworks */ = {isa = PBXBuildFile; fileRef = FE3138EEE6FF56AF3063C59F /* Plug.framework */; };
		E87686B9456C9F6D12B0B280 /* EnabledRule.swift in Sources */ = {isa = PBXBuildFile; fileRef = 220821FE5FC7BDAD7528DDDD /* EnabledRule.swift */; };
		E9BDBB89CCF6E0549851F256 /* EnabledRuleTests.swift in Sources */ = {isa = PBXBuildFile; fileRef = C7BCE564B2A78E0DC6897249 /* EnabledRuleTests.swift */; };
		EA1E55081323689FA38E21A1 /* EnabledRule.swift in Sources */ = {isa = PBXBuildFile; fileRef = 220821FE5FC7BDAD7528DDDD /* EnabledRule.swift */; };
		F0D92126174E1F3C351351B9 /* PRule.swift in Sources */ = {isa = PBXBuildFile; fileRef = B9AB953D44967E73DA60F123 /* PRule.swift */; };
		F18A7B4023F8D8CB009DDB1B /* InvertedRule.swift in Sources */ = {isa = PBXBuildFile; fileRef = F18A7B3F23F8D8CB009DDB1B /* InvertedRule.swift */; };
		F18A7B4123F8D8CB009DDB1B /* InvertedRule.swift in Sources */ = {isa = PBXBuildFile; fileRef = F18A7B3F23F8D8CB009DDB1B /* InvertedRule.swift */; };
		F18A7B4223F8D8CB009DDB1B /* InvertedRule.swift in Sources */ = {isa = PBXBuildFile; fileRef = F18A7B3F23F8D8CB009DDB1B /* InvertedRule.swift */; };
		F18A7B4323F8D8CB009DDB1B /* InvertedRule.swift in Sources */ = {isa = PBXBuildFile; fileRef = F18A7B3F23F8D8CB009DDB1B /* InvertedRule.swift */; };
		F18A7B4523F8D981009DDB1B /* InvertedRuleTests.swift in Sources */ = {isa = PBXBuildFile; fileRef = F18A7B4423F8D981009DDB1B /* InvertedRuleTests.swift */; };
		F18A7B4623F8D981009DDB1B /* InvertedRuleTests.swift in Sources */ = {isa = PBXBuildFile; fileRef = F18A7B4423F8D981009DDB1B /* InvertedRuleTests.swift */; };
		F18A7B4723F8D981009DDB1B /* InvertedRuleTests.swift in Sources */ = {isa = PBXBuildFile; fileRef = F18A7B4423F8D981009DDB1B /* InvertedRuleTests.swift */; };
		F18A7B4923F8DCC6009DDB1B /* AllOfRule.swift in Sources */ = {isa = PBXBuildFile; fileRef = F18A7B4823F8DCC6009DDB1B /* AllOfRule.swift */; };
		F18A7B4A23F8DCC6009DDB1B /* AllOfRule.swift in Sources */ = {isa = PBXBuildFile; fileRef = F18A7B4823F8DCC6009DDB1B /* AllOfRule.swift */; };
		F18A7B4B23F8DCC6009DDB1B /* AllOfRule.swift in Sources */ = {isa = PBXBuildFile; fileRef = F18A7B4823F8DCC6009DDB1B /* AllOfRule.swift */; };
		F18A7B4C23F8DCC6009DDB1B /* AllOfRule.swift in Sources */ = {isa = PBXBuildFile; fileRef = F18A7B4823F8DCC6009DDB1B /* AllOfRule.swift */; };
		F18A7B4E23F8DCD4009DDB1B /* NoneOfRule.swift in Sources */ = {isa = PBXBuildFile; fileRef = F18A7B4D23F8DCD4009DDB1B /* NoneOfRule.swift */; };
		F18A7B4F23F8DCD4009DDB1B /* NoneOfRule.swift in Sources */ = {isa = PBXBuildFile; fileRef = F18A7B4D23F8DCD4009DDB1B /* NoneOfRule.swift */; };
		F18A7B5023F8DCD4009DDB1B /* NoneOfRule.swift in Sources */ = {isa = PBXBuildFile; fileRef = F18A7B4D23F8DCD4009DDB1B /* NoneOfRule.swift */; };
		F18A7B5123F8DCD4009DDB1B /* NoneOfRule.swift in Sources */ = {isa = PBXBuildFile; fileRef = F18A7B4D23F8DCD4009DDB1B /* NoneOfRule.swift */; };
		F18A7B5323F8DCDF009DDB1B /* AnyOfRule.swift in Sources */ = {isa = PBXBuildFile; fileRef = F18A7B5223F8DCDF009DDB1B /* AnyOfRule.swift */; };
		F18A7B5423F8DCDF009DDB1B /* AnyOfRule.swift in Sources */ = {isa = PBXBuildFile; fileRef = F18A7B5223F8DCDF009DDB1B /* AnyOfRule.swift */; };
		F18A7B5523F8DCDF009DDB1B /* AnyOfRule.swift in Sources */ = {isa = PBXBuildFile; fileRef = F18A7B5223F8DCDF009DDB1B /* AnyOfRule.swift */; };
		F18A7B5623F8DCDF009DDB1B /* AnyOfRule.swift in Sources */ = {isa = PBXBuildFile; fileRef = F18A7B5223F8DCDF009DDB1B /* AnyOfRule.swift */; };
		F18A7B5823F8DE78009DDB1B /* AllOfRuleTests.swift in Sources */ = {isa = PBXBuildFile; fileRef = F18A7B5723F8DE78009DDB1B /* AllOfRuleTests.swift */; };
		F18A7B5923F8DE78009DDB1B /* AllOfRuleTests.swift in Sources */ = {isa = PBXBuildFile; fileRef = F18A7B5723F8DE78009DDB1B /* AllOfRuleTests.swift */; };
		F18A7B5A23F8DE78009DDB1B /* AllOfRuleTests.swift in Sources */ = {isa = PBXBuildFile; fileRef = F18A7B5723F8DE78009DDB1B /* AllOfRuleTests.swift */; };
		F18A7B5C23F8DE83009DDB1B /* NoneOfRuleTests.swift in Sources */ = {isa = PBXBuildFile; fileRef = F18A7B5B23F8DE83009DDB1B /* NoneOfRuleTests.swift */; };
		F18A7B5D23F8DE83009DDB1B /* NoneOfRuleTests.swift in Sources */ = {isa = PBXBuildFile; fileRef = F18A7B5B23F8DE83009DDB1B /* NoneOfRuleTests.swift */; };
		F18A7B5E23F8DE83009DDB1B /* NoneOfRuleTests.swift in Sources */ = {isa = PBXBuildFile; fileRef = F18A7B5B23F8DE83009DDB1B /* NoneOfRuleTests.swift */; };
		F18A7B6023F8DE8D009DDB1B /* AnyOfRuleTests.swift in Sources */ = {isa = PBXBuildFile; fileRef = F18A7B5F23F8DE8D009DDB1B /* AnyOfRuleTests.swift */; };
		F18A7B6123F8DE8D009DDB1B /* AnyOfRuleTests.swift in Sources */ = {isa = PBXBuildFile; fileRef = F18A7B5F23F8DE8D009DDB1B /* AnyOfRuleTests.swift */; };
		F18A7B6223F8DE8D009DDB1B /* AnyOfRuleTests.swift in Sources */ = {isa = PBXBuildFile; fileRef = F18A7B5F23F8DE8D009DDB1B /* AnyOfRuleTests.swift */; };
		F440DEF4AAF64C3E826D3E01 /* PRuleResolvingContext.swift in Sources */ = {isa = PBXBuildFile; fileRef = 655E1DEB6B505B9E835C5B00 /* PRuleResolvingContext.swift */; };
		F626362EFC5518A7EC804CB2 /* IdentifiedPlugin.swift in Sources */ = {isa = PBXBuildFile; fileRef = 6152275853AF67DE1B8BB2A0 /* IdentifiedPlugin.swift */; };
/* End PBXBuildFile section */

/* Begin PBXContainerItemProxy section */
		01947BC980C8CEDE05B0B149 /* PBXContainerItemProxy */ = {
			isa = PBXContainerItemProxy;
			containerPortal = A4314E66DF9F3AFE4193E7C8 /* Project object */;
			proxyType = 1;
			remoteGlobalIDString = 98616B8A6A6B460D4C23D078;
			remoteInfo = Plug_macOS;
		};
		265D09E2C0040867AA40FD1D /* PBXContainerItemProxy */ = {
			isa = PBXContainerItemProxy;
			containerPortal = A4314E66DF9F3AFE4193E7C8 /* Project object */;
			proxyType = 1;
			remoteGlobalIDString = 98616B8A6A6B460D4C23D078;
			remoteInfo = Plug_macOS;
		};
		674B381518A80CFEF9AF3A6F /* PBXContainerItemProxy */ = {
			isa = PBXContainerItemProxy;
			containerPortal = A4314E66DF9F3AFE4193E7C8 /* Project object */;
			proxyType = 1;
			remoteGlobalIDString = 98616B8A6A6B460D4C23D078;
			remoteInfo = Plug_macOS;
		};
		8CCA2EDFA57751028855BA25 /* PBXContainerItemProxy */ = {
			isa = PBXContainerItemProxy;
			containerPortal = A4314E66DF9F3AFE4193E7C8 /* Project object */;
			proxyType = 1;
			remoteGlobalIDString = 98616B8A6A6B460D4C23D078;
			remoteInfo = Plug_macOS;
		};
/* End PBXContainerItemProxy section */

/* Begin PBXCopyFilesBuildPhase section */
		3A1C7DDC6C9B95BF3D83585F /* Embed Frameworks */ = {
			isa = PBXCopyFilesBuildPhase;
			buildActionMask = 2147483647;
			dstPath = "";
			dstSubfolderSpec = 10;
			files = (
				36B0A235E760039AA2F0358F /* Plug.framework in Embed Frameworks */,
			);
			name = "Embed Frameworks";
			runOnlyForDeploymentPostprocessing = 0;
		};
		7400F7030DEFBFBB42498F3F /* Embed Frameworks */ = {
			isa = PBXCopyFilesBuildPhase;
			buildActionMask = 2147483647;
			dstPath = "";
			dstSubfolderSpec = 10;
			files = (
				542710D5FBF014C5271AC04F /* Plug.framework in Embed Frameworks */,
			);
			name = "Embed Frameworks";
			runOnlyForDeploymentPostprocessing = 0;
		};
		9146217E96CF46027E361617 /* Embed Frameworks */ = {
			isa = PBXCopyFilesBuildPhase;
			buildActionMask = 2147483647;
			dstPath = "";
			dstSubfolderSpec = 10;
			files = (
				292793705B74BB030B460493 /* Plug.framework in Embed Frameworks */,
			);
			name = "Embed Frameworks";
			runOnlyForDeploymentPostprocessing = 0;
		};
		A5270C56EB21F2DC54E297FC /* Embed Frameworks */ = {
			isa = PBXCopyFilesBuildPhase;
			buildActionMask = 2147483647;
			dstPath = "";
			dstSubfolderSpec = 10;
			files = (
				363E7F1DCE6D7514FF880EC3 /* Plug.framework in Embed Frameworks */,
			);
			name = "Embed Frameworks";
			runOnlyForDeploymentPostprocessing = 0;
		};
/* End PBXCopyFilesBuildPhase section */

/* Begin PBXFileReference section */
		02EBE5E2CC7772D2495C31F8 /* DisabledRule.swift */ = {isa = PBXFileReference; lastKnownFileType = sourcecode.swift; path = DisabledRule.swift; sourceTree = "<group>"; };
		052971658E17A80F29B06149 /* Debug.xcconfig */ = {isa = PBXFileReference; lastKnownFileType = text.xcconfig; path = Debug.xcconfig; sourceTree = "<group>"; };
		05A716952D7803BDFB39A6E4 /* DisabledRuleTests.swift */ = {isa = PBXFileReference; lastKnownFileType = sourcecode.swift; path = DisabledRuleTests.swift; sourceTree = "<group>"; };
		0B3D467F416FCACAB3AFD2E8 /* PlugTests_iOS-Bridging-Header.h */ = {isa = PBXFileReference; lastKnownFileType = sourcecode.c.h; path = "PlugTests_iOS-Bridging-Header.h"; sourceTree = "<group>"; };
		17548779DBED5655FAD13A74 /* PPlugin.swift */ = {isa = PBXFileReference; lastKnownFileType = sourcecode.swift; path = PPlugin.swift; sourceTree = "<group>"; };
		196AE5CE800E89A2DDF9281F /* Pods-PlugTests_iOS.release.xcconfig */ = {isa = PBXFileReference; includeInIndex = 1; lastKnownFileType = text.xcconfig; name = "Pods-PlugTests_iOS.release.xcconfig"; path = "Target Support Files/Pods-PlugTests_iOS/Pods-PlugTests_iOS.release.xcconfig"; sourceTree = "<group>"; };
		1A9C7709D2270D2196C83739 /* ViewPlugin.swift */ = {isa = PBXFileReference; lastKnownFileType = sourcecode.swift; path = ViewPlugin.swift; sourceTree = "<group>"; };
		1B8804C1BF6C0B30BDE2A553 /* Pods_Plug_iOS.framework */ = {isa = PBXFileReference; explicitFileType = wrapper.framework; includeInIndex = 0; path = Pods_Plug_iOS.framework; sourceTree = BUILT_PRODUCTS_DIR; };
		1CCFC1252C3BB4B60F8013BD /* Pods-Plug_macOS.release.xcconfig */ = {isa = PBXFileReference; includeInIndex = 1; lastKnownFileType = text.xcconfig; name = "Pods-Plug_macOS.release.xcconfig"; path = "Target Support Files/Pods-Plug_macOS/Pods-Plug_macOS.release.xcconfig"; sourceTree = "<group>"; };
		1FC859757C7A0F95BAA7FF58 /* Plug.framework */ = {isa = PBXFileReference; explicitFileType = wrapper.framework; includeInIndex = 0; path = Plug.framework; sourceTree = BUILT_PRODUCTS_DIR; };
		220821FE5FC7BDAD7528DDDD /* EnabledRule.swift */ = {isa = PBXFileReference; lastKnownFileType = sourcecode.swift; path = EnabledRule.swift; sourceTree = "<group>"; };
		264533B1E8D64A36CFFE465C /* Pods-PlugTests_tvOS.debug.xcconfig */ = {isa = PBXFileReference; includeInIndex = 1; lastKnownFileType = text.xcconfig; name = "Pods-PlugTests_tvOS.debug.xcconfig"; path = "Target Support Files/Pods-PlugTests_tvOS/Pods-PlugTests_tvOS.debug.xcconfig"; sourceTree = "<group>"; };
		28D6DDA997D8D4C9CEED1565 /* AnyRuleTests.swift */ = {isa = PBXFileReference; lastKnownFileType = sourcecode.swift; path = AnyRuleTests.swift; sourceTree = "<group>"; };
		30064EBAD844AE35420DA5C4 /* Pods_Plug_macOS.framework */ = {isa = PBXFileReference; explicitFileType = wrapper.framework; includeInIndex = 0; path = Pods_Plug_macOS.framework; sourceTree = BUILT_PRODUCTS_DIR; };
		31E40967E95E6B51D4BF2895 /* Info.plist */ = {isa = PBXFileReference; lastKnownFileType = text.plist; path = Info.plist; sourceTree = "<group>"; };
		334DB99AF348B72E4F6E3CC8 /* AppDelegate.swift */ = {isa = PBXFileReference; lastKnownFileType = sourcecode.swift; path = AppDelegate.swift; sourceTree = "<group>"; };
		33E2D5741016AAF3C1BD329C /* Pods-Plug_watchOS.release.xcconfig */ = {isa = PBXFileReference; includeInIndex = 1; lastKnownFileType = text.xcconfig; name = "Pods-Plug_watchOS.release.xcconfig"; path = "Target Support Files/Pods-Plug_watchOS/Pods-Plug_watchOS.release.xcconfig"; sourceTree = "<group>"; };
		34FC4797ED6817D8E634F45A /* Info.plist */ = {isa = PBXFileReference; lastKnownFileType = text.plist; path = Info.plist; sourceTree = "<group>"; };
		3670C041EB7E154BE559FD33 /* Pods-Plug_watchOS.debug.xcconfig */ = {isa = PBXFileReference; includeInIndex = 1; lastKnownFileType = text.xcconfig; name = "Pods-Plug_watchOS.debug.xcconfig"; path = "Target Support Files/Pods-Plug_watchOS/Pods-Plug_watchOS.debug.xcconfig"; sourceTree = "<group>"; };
		396ECE33EA9A5C762A3FE9C2 /* PlugTests.xctest */ = {isa = PBXFileReference; includeInIndex = 0; lastKnownFileType = wrapper.cfbundle; path = PlugTests.xctest; sourceTree = BUILT_PRODUCTS_DIR; };
		3BC181A2AFEB8984547B371F /* Pods-PlugTests_iOS.debug.xcconfig */ = {isa = PBXFileReference; includeInIndex = 1; lastKnownFileType = text.xcconfig; name = "Pods-PlugTests_iOS.debug.xcconfig"; path = "Target Support Files/Pods-PlugTests_iOS/Pods-PlugTests_iOS.debug.xcconfig"; sourceTree = "<group>"; };
		3D6F0A9BC3AEA7B4635E8E99 /* PlugTests.xctest */ = {isa = PBXFileReference; includeInIndex = 0; lastKnownFileType = wrapper.cfbundle; path = PlugTests.xctest; sourceTree = BUILT_PRODUCTS_DIR; };
		4810C6248BC38F4B6F64F47A /* PFeatureResolvableContext.swift */ = {isa = PBXFileReference; lastKnownFileType = sourcecode.swift; path = PFeatureResolvableContext.swift; sourceTree = "<group>"; };
		48DA830F3CDDE461C41E5D0C /* Pods-Plug_macOS.debug.xcconfig */ = {isa = PBXFileReference; includeInIndex = 1; lastKnownFileType = text.xcconfig; name = "Pods-Plug_macOS.debug.xcconfig"; path = "Target Support Files/Pods-Plug_macOS/Pods-Plug_macOS.debug.xcconfig"; sourceTree = "<group>"; };
		58DB8D17EA66203C947D196A /* PlugTests.xctest */ = {isa = PBXFileReference; explicitFileType = wrapper.cfbundle; includeInIndex = 0; path = PlugTests.xctest; sourceTree = BUILT_PRODUCTS_DIR; };
		60CD57AA0149C1C87B2D6FFE /* PluginPointBuilderTests.swift */ = {isa = PBXFileReference; lastKnownFileType = sourcecode.swift; path = PluginPointBuilderTests.swift; sourceTree = "<group>"; };
		6152275853AF67DE1B8BB2A0 /* IdentifiedPlugin.swift */ = {isa = PBXFileReference; lastKnownFileType = sourcecode.swift; path = IdentifiedPlugin.swift; sourceTree = "<group>"; };
		655E1DEB6B505B9E835C5B00 /* PRuleResolvingContext.swift */ = {isa = PBXFileReference; lastKnownFileType = sourcecode.swift; path = PRuleResolvingContext.swift; sourceTree = "<group>"; };
		6B0379C906D8097DC2842A6F /* PluginPoint.swift */ = {isa = PBXFileReference; lastKnownFileType = sourcecode.swift; path = PluginPoint.swift; sourceTree = "<group>"; };
		6D29063CE637F6D37EA05CE9 /* Pods-Plug_tvOS.debug.xcconfig */ = {isa = PBXFileReference; includeInIndex = 1; lastKnownFileType = text.xcconfig; name = "Pods-Plug_tvOS.debug.xcconfig"; path = "Target Support Files/Pods-Plug_tvOS/Pods-Plug_tvOS.debug.xcconfig"; sourceTree = "<group>"; };
		723F2F8CBEE6AF02D2256EED /* Pods_Plug_tvOS.framework */ = {isa = PBXFileReference; explicitFileType = wrapper.framework; includeInIndex = 0; path = Pods_Plug_tvOS.framework; sourceTree = BUILT_PRODUCTS_DIR; };
		72C7690BD2DE3594E10A17C9 /* Preview Assets.xcassets */ = {isa = PBXFileReference; lastKnownFileType = folder.assetcatalog; path = "Preview Assets.xcassets"; sourceTree = "<group>"; };
		7EC2BFF0A416A4F8978F0183 /* MainMenuContext.swift */ = {isa = PBXFileReference; lastKnownFileType = sourcecode.swift; path = MainMenuContext.swift; sourceTree = "<group>"; };
		80E6FB4023687C4FAC161AE1 /* AtomRuleTests.swift */ = {isa = PBXFileReference; lastKnownFileType = sourcecode.swift; path = AtomRuleTests.swift; sourceTree = "<group>"; };
		8C511D00E062E505224B8872 /* ResolvingContextMock.swift */ = {isa = PBXFileReference; lastKnownFileType = sourcecode.swift; path = ResolvingContextMock.swift; sourceTree = "<group>"; };
		9099FEEA3E598B324AD6DC41 /* Pods-Example.release.xcconfig */ = {isa = PBXFileReference; includeInIndex = 1; lastKnownFileType = text.xcconfig; name = "Pods-Example.release.xcconfig"; path = "Target Support Files/Pods-Example/Pods-Example.release.xcconfig"; sourceTree = "<group>"; };
		957B62E27F5CC8BCC128C950 /* HelloWorldView.swift */ = {isa = PBXFileReference; lastKnownFileType = sourcecode.swift; path = HelloWorldView.swift; sourceTree = "<group>"; };
		95DB29086283C974D1595B7A /* AnyRule.swift */ = {isa = PBXFileReference; lastKnownFileType = sourcecode.swift; path = AnyRule.swift; sourceTree = "<group>"; };
		9F8380AAB8F2D7C1278B2E33 /* Common.xcconfig */ = {isa = PBXFileReference; lastKnownFileType = text.xcconfig; path = Common.xcconfig; sourceTree = "<group>"; };
		A06F5571C52663D439B6C0A0 /* RuleMock.swift */ = {isa = PBXFileReference; lastKnownFileType = sourcecode.swift; path = RuleMock.swift; sourceTree = "<group>"; };
		A4084F8C2DDBE15C33C4230B /* Plug.framework */ = {isa = PBXFileReference; explicitFileType = wrapper.framework; includeInIndex = 0; path = Plug.framework; sourceTree = BUILT_PRODUCTS_DIR; };
		A5B3A7C7FB9FF4D88A71E8A8 /* Pods-Example.debug.xcconfig */ = {isa = PBXFileReference; includeInIndex = 1; lastKnownFileType = text.xcconfig; name = "Pods-Example.debug.xcconfig"; path = "Target Support Files/Pods-Example/Pods-Example.debug.xcconfig"; sourceTree = "<group>"; };
		A794C260CF9C84694B269B69 /* Assets.xcassets */ = {isa = PBXFileReference; lastKnownFileType = folder.assetcatalog; path = Assets.xcassets; sourceTree = "<group>"; };
		A8DE42FD1105A43CB6CBBB58 /* Pods-Plug_iOS.release.xcconfig */ = {isa = PBXFileReference; includeInIndex = 1; lastKnownFileType = text.xcconfig; name = "Pods-Plug_iOS.release.xcconfig"; path = "Target Support Files/Pods-Plug_iOS/Pods-Plug_iOS.release.xcconfig"; sourceTree = "<group>"; };
		ACA94E20FE7C305A9D06EC2C /* PlugTests_tvOS-Bridging-Header.h */ = {isa = PBXFileReference; lastKnownFileType = sourcecode.c.h; path = "PlugTests_tvOS-Bridging-Header.h"; sourceTree = "<group>"; };
		B097DB8C5BB414DBDB0CBAF5 /* Pods-Plug_iOS.debug.xcconfig */ = {isa = PBXFileReference; includeInIndex = 1; lastKnownFileType = text.xcconfig; name = "Pods-Plug_iOS.debug.xcconfig"; path = "Target Support Files/Pods-Plug_iOS/Pods-Plug_iOS.debug.xcconfig"; sourceTree = "<group>"; };
		B1B3D7F309AD75969F618C5F /* Pods-PlugTests_macOS.debug.xcconfig */ = {isa = PBXFileReference; includeInIndex = 1; lastKnownFileType = text.xcconfig; name = "Pods-PlugTests_macOS.debug.xcconfig"; path = "Target Support Files/Pods-PlugTests_macOS/Pods-PlugTests_macOS.debug.xcconfig"; sourceTree = "<group>"; };
		B200DC3624AD65021B450277 /* IdentifiablePluginTests.swift */ = {isa = PBXFileReference; lastKnownFileType = sourcecode.swift; path = IdentifiablePluginTests.swift; sourceTree = "<group>"; };
		B435F1943DF6408A96FB2455 /* MainMenuPluginsFactory.swift */ = {isa = PBXFileReference; lastKnownFileType = sourcecode.swift; path = MainMenuPluginsFactory.swift; sourceTree = "<group>"; };
		B5B22A6307B921F64F010C41 /* AtomRule.swift */ = {isa = PBXFileReference; lastKnownFileType = sourcecode.swift; path = AtomRule.swift; sourceTree = "<group>"; };
		B9AB953D44967E73DA60F123 /* PRule.swift */ = {isa = PBXFileReference; lastKnownFileType = sourcecode.swift; path = PRule.swift; sourceTree = "<group>"; };
		BDAB001D3C4688EFE24D6778 /* Example.app */ = {isa = PBXFileReference; explicitFileType = wrapper.application; includeInIndex = 0; path = Example.app; sourceTree = BUILT_PRODUCTS_DIR; };
		BFC6E1D825BFEF19C286D55C /* PlugTests_macOS-Bridging-Header.h */ = {isa = PBXFileReference; lastKnownFileType = sourcecode.c.h; path = "PlugTests_macOS-Bridging-Header.h"; sourceTree = "<group>"; };
		C4C64CC74369438BEE71089D /* Pods_Plug_watchOS.framework */ = {isa = PBXFileReference; explicitFileType = wrapper.framework; includeInIndex = 0; path = Pods_Plug_watchOS.framework; sourceTree = BUILT_PRODUCTS_DIR; };
		C68FC30A3375B3DC3F33AFC2 /* Pods_Example.framework */ = {isa = PBXFileReference; explicitFileType = wrapper.framework; includeInIndex = 0; path = Pods_Example.framework; sourceTree = BUILT_PRODUCTS_DIR; };
		C7BCE564B2A78E0DC6897249 /* EnabledRuleTests.swift */ = {isa = PBXFileReference; lastKnownFileType = sourcecode.swift; path = EnabledRuleTests.swift; sourceTree = "<group>"; };
		CE026E4843F0FAE14842163A /* Pods-PlugTests_macOS.release.xcconfig */ = {isa = PBXFileReference; includeInIndex = 1; lastKnownFileType = text.xcconfig; name = "Pods-PlugTests_macOS.release.xcconfig"; path = "Target Support Files/Pods-PlugTests_macOS/Pods-PlugTests_macOS.release.xcconfig"; sourceTree = "<group>"; };
		D327BE2BF134EC8CB0F105E7 /* Pods-Plug_tvOS.release.xcconfig */ = {isa = PBXFileReference; includeInIndex = 1; lastKnownFileType = text.xcconfig; name = "Pods-Plug_tvOS.release.xcconfig"; path = "Target Support Files/Pods-Plug_tvOS/Pods-Plug_tvOS.release.xcconfig"; sourceTree = "<group>"; };
		D414AE0D387522D3DA82E903 /* Base */ = {isa = PBXFileReference; lastKnownFileType = file.storyboard; name = Base; path = Base.lproj/Main.storyboard; sourceTree = "<group>"; };
		D49451CA22A979F0730D7BEE /* PluginPointBuilder.swift */ = {isa = PBXFileReference; lastKnownFileType = sourcecode.swift; path = PluginPointBuilder.swift; sourceTree = "<group>"; };
		DB2F83CB75BD5FE22E9E52F1 /* Plug.framework */ = {isa = PBXFileReference; explicitFileType = wrapper.framework; includeInIndex = 0; path = Plug.framework; sourceTree = BUILT_PRODUCTS_DIR; };
		E0890186805336EAD99D49D2 /* FeatureEnabledRule.swift */ = {isa = PBXFileReference; lastKnownFileType = sourcecode.swift; path = FeatureEnabledRule.swift; sourceTree = "<group>"; };
		E2D8AE362366E0C64FC2AEC8 /* Pods_PlugTests_macOS.framework */ = {isa = PBXFileReference; explicitFileType = wrapper.framework; includeInIndex = 0; path = Pods_PlugTests_macOS.framework; sourceTree = BUILT_PRODUCTS_DIR; };
		E65330F0BBBC40A826F4A35B /* Release.xcconfig */ = {isa = PBXFileReference; lastKnownFileType = text.xcconfig; path = Release.xcconfig; sourceTree = "<group>"; };
		EC49A807EA6D57EAC7BF5AD6 /* Package.swift */ = {isa = PBXFileReference; lastKnownFileType = sourcecode.swift; path = Package.swift; sourceTree = "<group>"; };
		EC7FB66C557127FA6A988797 /* Example.entitlements */ = {isa = PBXFileReference; lastKnownFileType = text.plist.entitlements; path = Example.entitlements; sourceTree = "<group>"; };
		EE11872654B94B1E9434B374 /* Pods-PlugTests_tvOS.release.xcconfig */ = {isa = PBXFileReference; includeInIndex = 1; lastKnownFileType = text.xcconfig; name = "Pods-PlugTests_tvOS.release.xcconfig"; path = "Target Support Files/Pods-PlugTests_tvOS/Pods-PlugTests_tvOS.release.xcconfig"; sourceTree = "<group>"; };
		F18A7B3F23F8D8CB009DDB1B /* InvertedRule.swift */ = {isa = PBXFileReference; lastKnownFileType = sourcecode.swift; path = InvertedRule.swift; sourceTree = "<group>"; };
		F18A7B4423F8D981009DDB1B /* InvertedRuleTests.swift */ = {isa = PBXFileReference; lastKnownFileType = sourcecode.swift; path = InvertedRuleTests.swift; sourceTree = "<group>"; };
		F18A7B4823F8DCC6009DDB1B /* AllOfRule.swift */ = {isa = PBXFileReference; lastKnownFileType = sourcecode.swift; path = AllOfRule.swift; sourceTree = "<group>"; };
		F18A7B4D23F8DCD4009DDB1B /* NoneOfRule.swift */ = {isa = PBXFileReference; lastKnownFileType = sourcecode.swift; path = NoneOfRule.swift; sourceTree = "<group>"; };
		F18A7B5223F8DCDF009DDB1B /* AnyOfRule.swift */ = {isa = PBXFileReference; lastKnownFileType = sourcecode.swift; path = AnyOfRule.swift; sourceTree = "<group>"; };
		F18A7B5723F8DE78009DDB1B /* AllOfRuleTests.swift */ = {isa = PBXFileReference; lastKnownFileType = sourcecode.swift; path = AllOfRuleTests.swift; sourceTree = "<group>"; };
		F18A7B5B23F8DE83009DDB1B /* NoneOfRuleTests.swift */ = {isa = PBXFileReference; lastKnownFileType = sourcecode.swift; path = NoneOfRuleTests.swift; sourceTree = "<group>"; };
		F18A7B5F23F8DE8D009DDB1B /* AnyOfRuleTests.swift */ = {isa = PBXFileReference; lastKnownFileType = sourcecode.swift; path = AnyOfRuleTests.swift; sourceTree = "<group>"; };
		F65FC6BA648C99E07C7C9158 /* Pods_PlugTests_tvOS.framework */ = {isa = PBXFileReference; explicitFileType = wrapper.framework; includeInIndex = 0; path = Pods_PlugTests_tvOS.framework; sourceTree = BUILT_PRODUCTS_DIR; };
		F8CC47F68AF1F0BFAC9349F1 /* ContentView.swift */ = {isa = PBXFileReference; lastKnownFileType = sourcecode.swift; path = ContentView.swift; sourceTree = "<group>"; };
		FBE90C94AAA371C6B5D7AC7F /* PluginMock.swift */ = {isa = PBXFileReference; lastKnownFileType = sourcecode.swift; path = PluginMock.swift; sourceTree = "<group>"; };
		FE3138EEE6FF56AF3063C59F /* Plug.framework */ = {isa = PBXFileReference; explicitFileType = wrapper.framework; includeInIndex = 0; path = Plug.framework; sourceTree = BUILT_PRODUCTS_DIR; };
		FEF8E6EE96403FAF16C6E828 /* Pods_PlugTests_iOS.framework */ = {isa = PBXFileReference; explicitFileType = wrapper.framework; includeInIndex = 0; path = Pods_PlugTests_iOS.framework; sourceTree = BUILT_PRODUCTS_DIR; };
/* End PBXFileReference section */

/* Begin PBXFrameworksBuildPhase section */
		1F9980752B73D49F93607E0D /* Frameworks */ = {
			isa = PBXFrameworksBuildPhase;
			buildActionMask = 2147483647;
			files = (
				E7AE9AF235E541330617D61F /* Plug.framework in Frameworks */,
				2E62F1786E62B12FEA22AADB /* Pods_PlugTests_macOS.framework in Frameworks */,
			);
			runOnlyForDeploymentPostprocessing = 0;
		};
		302E391181F13A2B16603D63 /* Frameworks */ = {
			isa = PBXFrameworksBuildPhase;
			buildActionMask = 2147483647;
			files = (
				B203B096ABDDECFC2EFBFE11 /* Plug.framework in Frameworks */,
				C99A63869A5020066121CB5D /* Pods_Example.framework in Frameworks */,
			);
			runOnlyForDeploymentPostprocessing = 0;
		};
		46C41FE498A78C70CBE76C3C /* Frameworks */ = {
			isa = PBXFrameworksBuildPhase;
			buildActionMask = 2147483647;
			files = (
				9E36D23889FF4337BBBAE1A6 /* Pods_Plug_macOS.framework in Frameworks */,
			);
			runOnlyForDeploymentPostprocessing = 0;
		};
		54C49AA1482173E34964998F /* Frameworks */ = {
			isa = PBXFrameworksBuildPhase;
			buildActionMask = 2147483647;
			files = (
				CB09428A1D17B12001662C56 /* Pods_Plug_tvOS.framework in Frameworks */,
			);
			runOnlyForDeploymentPostprocessing = 0;
		};
		6BA1E2D128A3502ED1C946FE /* Frameworks */ = {
			isa = PBXFrameworksBuildPhase;
			buildActionMask = 2147483647;
			files = (
				D26F1129A44BFA64A8313E43 /* Pods_Plug_watchOS.framework in Frameworks */,
			);
			runOnlyForDeploymentPostprocessing = 0;
		};
		BF80B8EC29B61554AF982B64 /* Frameworks */ = {
			isa = PBXFrameworksBuildPhase;
			buildActionMask = 2147483647;
			files = (
				1370F56CF62DAD4F565B6AF1 /* Plug.framework in Frameworks */,
				23A426032F3CA78EFEC0B215 /* Pods_PlugTests_tvOS.framework in Frameworks */,
			);
			runOnlyForDeploymentPostprocessing = 0;
		};
		C348C4A81285AD4899697C56 /* Frameworks */ = {
			isa = PBXFrameworksBuildPhase;
			buildActionMask = 2147483647;
			files = (
				785924DD18B63E6050427F1F /* Plug.framework in Frameworks */,
				604EE585F58065762E2A05F7 /* Pods_PlugTests_iOS.framework in Frameworks */,
			);
			runOnlyForDeploymentPostprocessing = 0;
		};
		CE245A1D91D01CDA03E440A8 /* Frameworks */ = {
			isa = PBXFrameworksBuildPhase;
			buildActionMask = 2147483647;
			files = (
				E0F51AC71884745403FF90D6 /* Pods_Plug_iOS.framework in Frameworks */,
			);
			runOnlyForDeploymentPostprocessing = 0;
		};
/* End PBXFrameworksBuildPhase section */

/* Begin PBXGroup section */
		0EBCB8AA6B03A12CA44B3883 /* Rules */ = {
			isa = PBXGroup;
			children = (
				E0890186805336EAD99D49D2 /* FeatureEnabledRule.swift */,
			);
			path = Rules;
			sourceTree = "<group>";
		};
		6DCD1D6EE2DADAE8BF3FDB9E /* Example */ = {
			isa = PBXGroup;
			children = (
				970C0C7EA09907D0973F4876 /* Context */,
				6FFF41EC42D19312E07A7CA5 /* Plugins */,
				793E5C54F6A7B5699D307246 /* Preview Content */,
				0EBCB8AA6B03A12CA44B3883 /* Rules */,
				7E8BCF36514A2D26C1C3E15D /* Views */,
				334DB99AF348B72E4F6E3CC8 /* AppDelegate.swift */,
				A794C260CF9C84694B269B69 /* Assets.xcassets */,
				EC7FB66C557127FA6A988797 /* Example.entitlements */,
				34FC4797ED6817D8E634F45A /* Info.plist */,
				28A9C7B0C11570B4D4052C56 /* Main.storyboard */,
			);
			path = Example;
			sourceTree = "<group>";
		};
		6FFF41EC42D19312E07A7CA5 /* Plugins */ = {
			isa = PBXGroup;
			children = (
				B435F1943DF6408A96FB2455 /* MainMenuPluginsFactory.swift */,
				1A9C7709D2270D2196C83739 /* ViewPlugin.swift */,
			);
			path = Plugins;
			sourceTree = "<group>";
		};
		793E5C54F6A7B5699D307246 /* Preview Content */ = {
			isa = PBXGroup;
			children = (
				72C7690BD2DE3594E10A17C9 /* Preview Assets.xcassets */,
			);
			path = "Preview Content";
			sourceTree = "<group>";
		};
		7E8BCF36514A2D26C1C3E15D /* Views */ = {
			isa = PBXGroup;
			children = (
				F8CC47F68AF1F0BFAC9349F1 /* ContentView.swift */,
				957B62E27F5CC8BCC128C950 /* HelloWorldView.swift */,
			);
			path = Views;
			sourceTree = "<group>";
		};
		970C0C7EA09907D0973F4876 /* Context */ = {
			isa = PBXGroup;
			children = (
				7EC2BFF0A416A4F8978F0183 /* MainMenuContext.swift */,
				4810C6248BC38F4B6F64F47A /* PFeatureResolvableContext.swift */,
			);
			path = Context;
			sourceTree = "<group>";
		};
		98695CC2492821057811EB04 /* Rules */ = {
			isa = PBXGroup;
			children = (
				95DB29086283C974D1595B7A /* AnyRule.swift */,
				B5B22A6307B921F64F010C41 /* AtomRule.swift */,
				02EBE5E2CC7772D2495C31F8 /* DisabledRule.swift */,
				220821FE5FC7BDAD7528DDDD /* EnabledRule.swift */,
				B9AB953D44967E73DA60F123 /* PRule.swift */,
				F18A7B3F23F8D8CB009DDB1B /* InvertedRule.swift */,
				F18A7B4823F8DCC6009DDB1B /* AllOfRule.swift */,
				F18A7B4D23F8DCD4009DDB1B /* NoneOfRule.swift */,
				F18A7B5223F8DCDF009DDB1B /* AnyOfRule.swift */,
			);
			path = Rules;
			sourceTree = "<group>";
		};
		9A118A1604D5B6D50401D207 /* Configurations */ = {
			isa = PBXGroup;
			children = (
				9F8380AAB8F2D7C1278B2E33 /* Common.xcconfig */,
				052971658E17A80F29B06149 /* Debug.xcconfig */,
				E65330F0BBBC40A826F4A35B /* Release.xcconfig */,
			);
			path = Configurations;
			sourceTree = "<group>";
		};
		9C3CE4E641978F4E124682E2 /* Frameworks */ = {
			isa = PBXGroup;
			children = (
				C68FC30A3375B3DC3F33AFC2 /* Pods_Example.framework */,
				FEF8E6EE96403FAF16C6E828 /* Pods_PlugTests_iOS.framework */,
				E2D8AE362366E0C64FC2AEC8 /* Pods_PlugTests_macOS.framework */,
				F65FC6BA648C99E07C7C9158 /* Pods_PlugTests_tvOS.framework */,
				1B8804C1BF6C0B30BDE2A553 /* Pods_Plug_iOS.framework */,
				30064EBAD844AE35420DA5C4 /* Pods_Plug_macOS.framework */,
				723F2F8CBEE6AF02D2256EED /* Pods_Plug_tvOS.framework */,
				C4C64CC74369438BEE71089D /* Pods_Plug_watchOS.framework */,
			);
			name = Frameworks;
			sourceTree = "<group>";
		};
		A9781DEAFFA35993298ADDEC /* Pods */ = {
			isa = PBXGroup;
			children = (
				A5B3A7C7FB9FF4D88A71E8A8 /* Pods-Example.debug.xcconfig */,
				9099FEEA3E598B324AD6DC41 /* Pods-Example.release.xcconfig */,
				3BC181A2AFEB8984547B371F /* Pods-PlugTests_iOS.debug.xcconfig */,
				196AE5CE800E89A2DDF9281F /* Pods-PlugTests_iOS.release.xcconfig */,
				B1B3D7F309AD75969F618C5F /* Pods-PlugTests_macOS.debug.xcconfig */,
				CE026E4843F0FAE14842163A /* Pods-PlugTests_macOS.release.xcconfig */,
				264533B1E8D64A36CFFE465C /* Pods-PlugTests_tvOS.debug.xcconfig */,
				EE11872654B94B1E9434B374 /* Pods-PlugTests_tvOS.release.xcconfig */,
				B097DB8C5BB414DBDB0CBAF5 /* Pods-Plug_iOS.debug.xcconfig */,
				A8DE42FD1105A43CB6CBBB58 /* Pods-Plug_iOS.release.xcconfig */,
				48DA830F3CDDE461C41E5D0C /* Pods-Plug_macOS.debug.xcconfig */,
				1CCFC1252C3BB4B60F8013BD /* Pods-Plug_macOS.release.xcconfig */,
				6D29063CE637F6D37EA05CE9 /* Pods-Plug_tvOS.debug.xcconfig */,
				D327BE2BF134EC8CB0F105E7 /* Pods-Plug_tvOS.release.xcconfig */,
				3670C041EB7E154BE559FD33 /* Pods-Plug_watchOS.debug.xcconfig */,
				33E2D5741016AAF3C1BD329C /* Pods-Plug_watchOS.release.xcconfig */,
			);
			path = Pods;
			sourceTree = "<group>";
		};
		B8E3C387B0F2A96CC98E03E5 /* PlugTests */ = {
			isa = PBXGroup;
			children = (
				28D6DDA997D8D4C9CEED1565 /* AnyRuleTests.swift */,
				80E6FB4023687C4FAC161AE1 /* AtomRuleTests.swift */,
				05A716952D7803BDFB39A6E4 /* DisabledRuleTests.swift */,
				C7BCE564B2A78E0DC6897249 /* EnabledRuleTests.swift */,
				B200DC3624AD65021B450277 /* IdentifiablePluginTests.swift */,
				FBE90C94AAA371C6B5D7AC7F /* PluginMock.swift */,
				60CD57AA0149C1C87B2D6FFE /* PluginPointBuilderTests.swift */,
				0B3D467F416FCACAB3AFD2E8 /* PlugTests_iOS-Bridging-Header.h */,
				BFC6E1D825BFEF19C286D55C /* PlugTests_macOS-Bridging-Header.h */,
				ACA94E20FE7C305A9D06EC2C /* PlugTests_tvOS-Bridging-Header.h */,
				8C511D00E062E505224B8872 /* ResolvingContextMock.swift */,
				A06F5571C52663D439B6C0A0 /* RuleMock.swift */,
				F18A7B4423F8D981009DDB1B /* InvertedRuleTests.swift */,
				F18A7B5723F8DE78009DDB1B /* AllOfRuleTests.swift */,
				F18A7B5B23F8DE83009DDB1B /* NoneOfRuleTests.swift */,
				F18A7B5F23F8DE8D009DDB1B /* AnyOfRuleTests.swift */,
			);
			path = PlugTests;
			sourceTree = "<group>";
		};
		D4A4C85FDE652E86D5749094 /* Plugins */ = {
			isa = PBXGroup;
			children = (
				6152275853AF67DE1B8BB2A0 /* IdentifiedPlugin.swift */,
				17548779DBED5655FAD13A74 /* PPlugin.swift */,
			);
			path = Plugins;
			sourceTree = "<group>";
		};
		D7B82F11EDE02D45B98BD46C /* Products */ = {
			isa = PBXGroup;
			children = (
				BDAB001D3C4688EFE24D6778 /* Example.app */,
				A4084F8C2DDBE15C33C4230B /* Plug.framework */,
				FE3138EEE6FF56AF3063C59F /* Plug.framework */,
				DB2F83CB75BD5FE22E9E52F1 /* Plug.framework */,
				1FC859757C7A0F95BAA7FF58 /* Plug.framework */,
				3D6F0A9BC3AEA7B4635E8E99 /* PlugTests.xctest */,
				58DB8D17EA66203C947D196A /* PlugTests.xctest */,
				396ECE33EA9A5C762A3FE9C2 /* PlugTests.xctest */,
			);
			name = Products;
			sourceTree = "<group>";
		};
		EE59FFE427BE76E90FFB426F = {
			isa = PBXGroup;
			children = (
				9A118A1604D5B6D50401D207 /* Configurations */,
				6DCD1D6EE2DADAE8BF3FDB9E /* Example */,
				F2D060D728B27571785A1A24 /* Plug */,
				B8E3C387B0F2A96CC98E03E5 /* PlugTests */,
				EC49A807EA6D57EAC7BF5AD6 /* Package.swift */,
				D7B82F11EDE02D45B98BD46C /* Products */,
				A9781DEAFFA35993298ADDEC /* Pods */,
				9C3CE4E641978F4E124682E2 /* Frameworks */,
			);
			sourceTree = "<group>";
		};
		F2D060D728B27571785A1A24 /* Plug */ = {
			isa = PBXGroup;
			children = (
				D4A4C85FDE652E86D5749094 /* Plugins */,
				98695CC2492821057811EB04 /* Rules */,
				31E40967E95E6B51D4BF2895 /* Info.plist */,
				6B0379C906D8097DC2842A6F /* PluginPoint.swift */,
				D49451CA22A979F0730D7BEE /* PluginPointBuilder.swift */,
				655E1DEB6B505B9E835C5B00 /* PRuleResolvingContext.swift */,
			);
			path = Plug;
			sourceTree = "<group>";
		};
/* End PBXGroup section */

/* Begin PBXNativeTarget section */
		2EE6A4975106577F0B17E73E /* Plug_watchOS */ = {
			isa = PBXNativeTarget;
			buildConfigurationList = 0D29C73257D4C3852F68E609 /* Build configuration list for PBXNativeTarget "Plug_watchOS" */;
			buildPhases = (
				2B5BDEF3DAC592EF4ED227D7 /* [CP] Check Pods Manifest.lock */,
				09D1FA223E368EB13B638DEA /* Sources */,
				6BA1E2D128A3502ED1C946FE /* Frameworks */,
			);
			buildRules = (
			);
			dependencies = (
			);
			name = Plug_watchOS;
			productName = Plug_watchOS;
			productReference = 1FC859757C7A0F95BAA7FF58 /* Plug.framework */;
			productType = "com.apple.product-type.framework";
		};
		39C948104E0D828E0768522E /* Plug_tvOS */ = {
			isa = PBXNativeTarget;
			buildConfigurationList = 2A7763FB29F35073D3C2AC16 /* Build configuration list for PBXNativeTarget "Plug_tvOS" */;
			buildPhases = (
				68EF1F045EDD922ED12844BA /* [CP] Check Pods Manifest.lock */,
				1923BCD74CE658519463983D /* Sources */,
				54C49AA1482173E34964998F /* Frameworks */,
			);
			buildRules = (
			);
			dependencies = (
			);
			name = Plug_tvOS;
			productName = Plug_tvOS;
			productReference = DB2F83CB75BD5FE22E9E52F1 /* Plug.framework */;
			productType = "com.apple.product-type.framework";
		};
		44242C540DCF0E7883592BF4 /* PlugTests_tvOS */ = {
			isa = PBXNativeTarget;
			buildConfigurationList = DBC47765B467F69D33940529 /* Build configuration list for PBXNativeTarget "PlugTests_tvOS" */;
			buildPhases = (
				673C01198D27661055B0D7FF /* [CP] Check Pods Manifest.lock */,
				F770DDEA56DD7D123CF4E4D2 /* Sources */,
				BF80B8EC29B61554AF982B64 /* Frameworks */,
				A5270C56EB21F2DC54E297FC /* Embed Frameworks */,
			);
			buildRules = (
			);
			dependencies = (
				D048FFA463E0215371A69002 /* PBXTargetDependency */,
			);
			name = PlugTests_tvOS;
			productName = PlugTests_tvOS;
			productReference = 396ECE33EA9A5C762A3FE9C2 /* PlugTests.xctest */;
			productType = "com.apple.product-type.bundle.unit-test";
		};
		5FC5D5CBF8B4C606227B1149 /* PlugTests_macOS */ = {
			isa = PBXNativeTarget;
			buildConfigurationList = 870D45E7B4445B111F0F0DB8 /* Build configuration list for PBXNativeTarget "PlugTests_macOS" */;
			buildPhases = (
				E277609A416348DD0F35988B /* [CP] Check Pods Manifest.lock */,
				BECF68396926AD372D387240 /* Sources */,
				1F9980752B73D49F93607E0D /* Frameworks */,
				7400F7030DEFBFBB42498F3F /* Embed Frameworks */,
			);
			buildRules = (
			);
			dependencies = (
				E201C5A3747BE9174962DB14 /* PBXTargetDependency */,
			);
			name = PlugTests_macOS;
			productName = PlugTests_macOS;
			productReference = 58DB8D17EA66203C947D196A /* PlugTests.xctest */;
			productType = "com.apple.product-type.bundle.unit-test";
		};
		77AF36FC481DE620FBD8F9FF /* Plug_iOS */ = {
			isa = PBXNativeTarget;
			buildConfigurationList = 39A7E2EEF35CADBC50C0773E /* Build configuration list for PBXNativeTarget "Plug_iOS" */;
			buildPhases = (
				A67BA99E608D51BC6447DEB5 /* [CP] Check Pods Manifest.lock */,
				617B63B24197A48528ADD1CC /* Sources */,
				CE245A1D91D01CDA03E440A8 /* Frameworks */,
			);
			buildRules = (
			);
			dependencies = (
			);
			name = Plug_iOS;
			productName = Plug_iOS;
			productReference = A4084F8C2DDBE15C33C4230B /* Plug.framework */;
			productType = "com.apple.product-type.framework";
		};
		98616B8A6A6B460D4C23D078 /* Plug_macOS */ = {
			isa = PBXNativeTarget;
			buildConfigurationList = F35EE1BA23D4815024A667CE /* Build configuration list for PBXNativeTarget "Plug_macOS" */;
			buildPhases = (
				C23D3034019F611D851EDDD4 /* [CP] Check Pods Manifest.lock */,
				16B1A77740E0BA09F5137440 /* Sources */,
				46C41FE498A78C70CBE76C3C /* Frameworks */,
			);
			buildRules = (
			);
			dependencies = (
			);
			name = Plug_macOS;
			productName = Plug_macOS;
			productReference = FE3138EEE6FF56AF3063C59F /* Plug.framework */;
			productType = "com.apple.product-type.framework";
		};
		E0D6B86C7EEE29BEC3A52D67 /* PlugTests_iOS */ = {
			isa = PBXNativeTarget;
			buildConfigurationList = CBEAFE64C0331F5101197CEA /* Build configuration list for PBXNativeTarget "PlugTests_iOS" */;
			buildPhases = (
				32E4DC9B620FBE8448C1C899 /* [CP] Check Pods Manifest.lock */,
				2DF970163F84B05F6B3BF50B /* Sources */,
				C348C4A81285AD4899697C56 /* Frameworks */,
				3A1C7DDC6C9B95BF3D83585F /* Embed Frameworks */,
			);
			buildRules = (
			);
			dependencies = (
				58A38FBDF26813B2C3DE4349 /* PBXTargetDependency */,
			);
			name = PlugTests_iOS;
			productName = PlugTests_iOS;
			productReference = 3D6F0A9BC3AEA7B4635E8E99 /* PlugTests.xctest */;
			productType = "com.apple.product-type.bundle.unit-test";
		};
		F39E331C61270CB1DB49D471 /* Example */ = {
			isa = PBXNativeTarget;
			buildConfigurationList = 643AFDD9EB5366D1D49F9D7F /* Build configuration list for PBXNativeTarget "Example" */;
			buildPhases = (
				13CCA38A5496A8515F98F995 /* [CP] Check Pods Manifest.lock */,
				DACE992747B67D40911954EC /* Sources */,
				6BAE75E36576E0F6973F4B30 /* Resources */,
				302E391181F13A2B16603D63 /* Frameworks */,
				9146217E96CF46027E361617 /* Embed Frameworks */,
				429A5787265BE3C187E35EC5 /* SwiftLint */,
			);
			buildRules = (
			);
			dependencies = (
				2D63575DB479AF2AC384A266 /* PBXTargetDependency */,
			);
			name = Example;
			productName = Example;
			productReference = BDAB001D3C4688EFE24D6778 /* Example.app */;
			productType = "com.apple.product-type.application";
		};
/* End PBXNativeTarget section */

/* Begin PBXProject section */
		A4314E66DF9F3AFE4193E7C8 /* Project object */ = {
			isa = PBXProject;
			attributes = {
				LastUpgradeCheck = 1020;
				ORGANIZATIONNAME = LionSoftware.org;
				TargetAttributes = {
					2EE6A4975106577F0B17E73E = {
						ProvisioningStyle = Manual;
					};
					39C948104E0D828E0768522E = {
						ProvisioningStyle = Manual;
					};
					44242C540DCF0E7883592BF4 = {
						ProvisioningStyle = Manual;
					};
					5FC5D5CBF8B4C606227B1149 = {
						ProvisioningStyle = Manual;
					};
					77AF36FC481DE620FBD8F9FF = {
						ProvisioningStyle = Manual;
					};
					98616B8A6A6B460D4C23D078 = {
						ProvisioningStyle = Manual;
					};
					E0D6B86C7EEE29BEC3A52D67 = {
						ProvisioningStyle = Manual;
					};
					F39E331C61270CB1DB49D471 = {
						ProvisioningStyle = Manual;
					};
				};
			};
			buildConfigurationList = 3CC93341A794138A9DD7647E /* Build configuration list for PBXProject "Plug" */;
			compatibilityVersion = "Xcode 10.0";
			developmentRegion = en;
			hasScannedForEncodings = 0;
			knownRegions = (
				en,
				Base,
			);
			mainGroup = EE59FFE427BE76E90FFB426F;
			productRefGroup = D7B82F11EDE02D45B98BD46C /* Products */;
			projectDirPath = "";
			projectRoot = "";
			targets = (
				F39E331C61270CB1DB49D471 /* Example */,
				E0D6B86C7EEE29BEC3A52D67 /* PlugTests_iOS */,
				5FC5D5CBF8B4C606227B1149 /* PlugTests_macOS */,
				44242C540DCF0E7883592BF4 /* PlugTests_tvOS */,
				77AF36FC481DE620FBD8F9FF /* Plug_iOS */,
				98616B8A6A6B460D4C23D078 /* Plug_macOS */,
				39C948104E0D828E0768522E /* Plug_tvOS */,
				2EE6A4975106577F0B17E73E /* Plug_watchOS */,
			);
		};
/* End PBXProject section */

/* Begin PBXResourcesBuildPhase section */
		6BAE75E36576E0F6973F4B30 /* Resources */ = {
			isa = PBXResourcesBuildPhase;
			buildActionMask = 2147483647;
			files = (
				B31E4F2B39ED9DAE78E41CDB /* Assets.xcassets in Resources */,
				58B435A2A75FD69F4D6CC215 /* Main.storyboard in Resources */,
				26C9725A3DF70B7F40F9238F /* Preview Assets.xcassets in Resources */,
			);
			runOnlyForDeploymentPostprocessing = 0;
		};
/* End PBXResourcesBuildPhase section */

/* Begin PBXShellScriptBuildPhase section */
		13CCA38A5496A8515F98F995 /* [CP] Check Pods Manifest.lock */ = {
			isa = PBXShellScriptBuildPhase;
			buildActionMask = 2147483647;
			files = (
			);
			inputFileListPaths = (
			);
			inputPaths = (
				"${PODS_PODFILE_DIR_PATH}/Podfile.lock",
				"${PODS_ROOT}/Manifest.lock",
			);
			name = "[CP] Check Pods Manifest.lock";
			outputFileListPaths = (
			);
			outputPaths = (
				"$(DERIVED_FILE_DIR)/Pods-Example-checkManifestLockResult.txt",
			);
			runOnlyForDeploymentPostprocessing = 0;
			shellPath = /bin/sh;
			shellScript = "diff \"${PODS_PODFILE_DIR_PATH}/Podfile.lock\" \"${PODS_ROOT}/Manifest.lock\" > /dev/null\nif [ $? != 0 ] ; then\n    # print error to STDERR\n    echo \"error: The sandbox is not in sync with the Podfile.lock. Run 'pod install' or update your CocoaPods installation.\" >&2\n    exit 1\nfi\n# This output is used by Xcode 'outputs' to avoid re-running this script phase.\necho \"SUCCESS\" > \"${SCRIPT_OUTPUT_FILE_0}\"\n";
			showEnvVarsInLog = 0;
		};
		2B5BDEF3DAC592EF4ED227D7 /* [CP] Check Pods Manifest.lock */ = {
			isa = PBXShellScriptBuildPhase;
			buildActionMask = 2147483647;
			files = (
			);
			inputFileListPaths = (
			);
			inputPaths = (
				"${PODS_PODFILE_DIR_PATH}/Podfile.lock",
				"${PODS_ROOT}/Manifest.lock",
			);
			name = "[CP] Check Pods Manifest.lock";
			outputFileListPaths = (
			);
			outputPaths = (
				"$(DERIVED_FILE_DIR)/Pods-Plug_watchOS-checkManifestLockResult.txt",
			);
			runOnlyForDeploymentPostprocessing = 0;
			shellPath = /bin/sh;
			shellScript = "diff \"${PODS_PODFILE_DIR_PATH}/Podfile.lock\" \"${PODS_ROOT}/Manifest.lock\" > /dev/null\nif [ $? != 0 ] ; then\n    # print error to STDERR\n    echo \"error: The sandbox is not in sync with the Podfile.lock. Run 'pod install' or update your CocoaPods installation.\" >&2\n    exit 1\nfi\n# This output is used by Xcode 'outputs' to avoid re-running this script phase.\necho \"SUCCESS\" > \"${SCRIPT_OUTPUT_FILE_0}\"\n";
			showEnvVarsInLog = 0;
		};
		32E4DC9B620FBE8448C1C899 /* [CP] Check Pods Manifest.lock */ = {
			isa = PBXShellScriptBuildPhase;
			buildActionMask = 2147483647;
			files = (
			);
			inputFileListPaths = (
			);
			inputPaths = (
				"${PODS_PODFILE_DIR_PATH}/Podfile.lock",
				"${PODS_ROOT}/Manifest.lock",
			);
			name = "[CP] Check Pods Manifest.lock";
			outputFileListPaths = (
			);
			outputPaths = (
				"$(DERIVED_FILE_DIR)/Pods-PlugTests_iOS-checkManifestLockResult.txt",
			);
			runOnlyForDeploymentPostprocessing = 0;
			shellPath = /bin/sh;
			shellScript = "diff \"${PODS_PODFILE_DIR_PATH}/Podfile.lock\" \"${PODS_ROOT}/Manifest.lock\" > /dev/null\nif [ $? != 0 ] ; then\n    # print error to STDERR\n    echo \"error: The sandbox is not in sync with the Podfile.lock. Run 'pod install' or update your CocoaPods installation.\" >&2\n    exit 1\nfi\n# This output is used by Xcode 'outputs' to avoid re-running this script phase.\necho \"SUCCESS\" > \"${SCRIPT_OUTPUT_FILE_0}\"\n";
			showEnvVarsInLog = 0;
		};
		429A5787265BE3C187E35EC5 /* SwiftLint */ = {
			isa = PBXShellScriptBuildPhase;
			buildActionMask = 2147483647;
			files = (
			);
			inputFileListPaths = (
			);
			inputPaths = (
			);
			name = SwiftLint;
			outputFileListPaths = (
			);
			outputPaths = (
			);
			runOnlyForDeploymentPostprocessing = 0;
			shellPath = /bin/sh;
			shellScript = "\"${PODS_ROOT}/SwiftLint/swiftlint\"\n";
		};
		673C01198D27661055B0D7FF /* [CP] Check Pods Manifest.lock */ = {
			isa = PBXShellScriptBuildPhase;
			buildActionMask = 2147483647;
			files = (
			);
			inputFileListPaths = (
			);
			inputPaths = (
				"${PODS_PODFILE_DIR_PATH}/Podfile.lock",
				"${PODS_ROOT}/Manifest.lock",
			);
			name = "[CP] Check Pods Manifest.lock";
			outputFileListPaths = (
			);
			outputPaths = (
				"$(DERIVED_FILE_DIR)/Pods-PlugTests_tvOS-checkManifestLockResult.txt",
			);
			runOnlyForDeploymentPostprocessing = 0;
			shellPath = /bin/sh;
			shellScript = "diff \"${PODS_PODFILE_DIR_PATH}/Podfile.lock\" \"${PODS_ROOT}/Manifest.lock\" > /dev/null\nif [ $? != 0 ] ; then\n    # print error to STDERR\n    echo \"error: The sandbox is not in sync with the Podfile.lock. Run 'pod install' or update your CocoaPods installation.\" >&2\n    exit 1\nfi\n# This output is used by Xcode 'outputs' to avoid re-running this script phase.\necho \"SUCCESS\" > \"${SCRIPT_OUTPUT_FILE_0}\"\n";
			showEnvVarsInLog = 0;
		};
		68EF1F045EDD922ED12844BA /* [CP] Check Pods Manifest.lock */ = {
			isa = PBXShellScriptBuildPhase;
			buildActionMask = 2147483647;
			files = (
			);
			inputFileListPaths = (
			);
			inputPaths = (
				"${PODS_PODFILE_DIR_PATH}/Podfile.lock",
				"${PODS_ROOT}/Manifest.lock",
			);
			name = "[CP] Check Pods Manifest.lock";
			outputFileListPaths = (
			);
			outputPaths = (
				"$(DERIVED_FILE_DIR)/Pods-Plug_tvOS-checkManifestLockResult.txt",
			);
			runOnlyForDeploymentPostprocessing = 0;
			shellPath = /bin/sh;
			shellScript = "diff \"${PODS_PODFILE_DIR_PATH}/Podfile.lock\" \"${PODS_ROOT}/Manifest.lock\" > /dev/null\nif [ $? != 0 ] ; then\n    # print error to STDERR\n    echo \"error: The sandbox is not in sync with the Podfile.lock. Run 'pod install' or update your CocoaPods installation.\" >&2\n    exit 1\nfi\n# This output is used by Xcode 'outputs' to avoid re-running this script phase.\necho \"SUCCESS\" > \"${SCRIPT_OUTPUT_FILE_0}\"\n";
			showEnvVarsInLog = 0;
		};
		A67BA99E608D51BC6447DEB5 /* [CP] Check Pods Manifest.lock */ = {
			isa = PBXShellScriptBuildPhase;
			buildActionMask = 2147483647;
			files = (
			);
			inputFileListPaths = (
			);
			inputPaths = (
				"${PODS_PODFILE_DIR_PATH}/Podfile.lock",
				"${PODS_ROOT}/Manifest.lock",
			);
			name = "[CP] Check Pods Manifest.lock";
			outputFileListPaths = (
			);
			outputPaths = (
				"$(DERIVED_FILE_DIR)/Pods-Plug_iOS-checkManifestLockResult.txt",
			);
			runOnlyForDeploymentPostprocessing = 0;
			shellPath = /bin/sh;
			shellScript = "diff \"${PODS_PODFILE_DIR_PATH}/Podfile.lock\" \"${PODS_ROOT}/Manifest.lock\" > /dev/null\nif [ $? != 0 ] ; then\n    # print error to STDERR\n    echo \"error: The sandbox is not in sync with the Podfile.lock. Run 'pod install' or update your CocoaPods installation.\" >&2\n    exit 1\nfi\n# This output is used by Xcode 'outputs' to avoid re-running this script phase.\necho \"SUCCESS\" > \"${SCRIPT_OUTPUT_FILE_0}\"\n";
			showEnvVarsInLog = 0;
		};
		C23D3034019F611D851EDDD4 /* [CP] Check Pods Manifest.lock */ = {
			isa = PBXShellScriptBuildPhase;
			buildActionMask = 2147483647;
			files = (
			);
			inputFileListPaths = (
			);
			inputPaths = (
				"${PODS_PODFILE_DIR_PATH}/Podfile.lock",
				"${PODS_ROOT}/Manifest.lock",
			);
			name = "[CP] Check Pods Manifest.lock";
			outputFileListPaths = (
			);
			outputPaths = (
				"$(DERIVED_FILE_DIR)/Pods-Plug_macOS-checkManifestLockResult.txt",
			);
			runOnlyForDeploymentPostprocessing = 0;
			shellPath = /bin/sh;
			shellScript = "diff \"${PODS_PODFILE_DIR_PATH}/Podfile.lock\" \"${PODS_ROOT}/Manifest.lock\" > /dev/null\nif [ $? != 0 ] ; then\n    # print error to STDERR\n    echo \"error: The sandbox is not in sync with the Podfile.lock. Run 'pod install' or update your CocoaPods installation.\" >&2\n    exit 1\nfi\n# This output is used by Xcode 'outputs' to avoid re-running this script phase.\necho \"SUCCESS\" > \"${SCRIPT_OUTPUT_FILE_0}\"\n";
			showEnvVarsInLog = 0;
		};
		E277609A416348DD0F35988B /* [CP] Check Pods Manifest.lock */ = {
			isa = PBXShellScriptBuildPhase;
			buildActionMask = 2147483647;
			files = (
			);
			inputFileListPaths = (
			);
			inputPaths = (
				"${PODS_PODFILE_DIR_PATH}/Podfile.lock",
				"${PODS_ROOT}/Manifest.lock",
			);
			name = "[CP] Check Pods Manifest.lock";
			outputFileListPaths = (
			);
			outputPaths = (
				"$(DERIVED_FILE_DIR)/Pods-PlugTests_macOS-checkManifestLockResult.txt",
			);
			runOnlyForDeploymentPostprocessing = 0;
			shellPath = /bin/sh;
			shellScript = "diff \"${PODS_PODFILE_DIR_PATH}/Podfile.lock\" \"${PODS_ROOT}/Manifest.lock\" > /dev/null\nif [ $? != 0 ] ; then\n    # print error to STDERR\n    echo \"error: The sandbox is not in sync with the Podfile.lock. Run 'pod install' or update your CocoaPods installation.\" >&2\n    exit 1\nfi\n# This output is used by Xcode 'outputs' to avoid re-running this script phase.\necho \"SUCCESS\" > \"${SCRIPT_OUTPUT_FILE_0}\"\n";
			showEnvVarsInLog = 0;
		};
/* End PBXShellScriptBuildPhase section */

/* Begin PBXSourcesBuildPhase section */
		09D1FA223E368EB13B638DEA /* Sources */ = {
			isa = PBXSourcesBuildPhase;
			buildActionMask = 2147483647;
			files = (
				F18A7B4C23F8DCC6009DDB1B /* AllOfRule.swift in Sources */,
				60D5D114294121FC9C8CF984 /* AnyRule.swift in Sources */,
				0EDEFD1608BE74BF4FC68A07 /* AtomRule.swift in Sources */,
				CEEDEDB9593900F24667E2F3 /* DisabledRule.swift in Sources */,
				E87686B9456C9F6D12B0B280 /* EnabledRule.swift in Sources */,
				F18A7B5623F8DCDF009DDB1B /* AnyOfRule.swift in Sources */,
				CB981B2D1B7E033D8C8F72A6 /* IdentifiedPlugin.swift in Sources */,
				B3EF61C694E8FE70D90B8972 /* PPlugin.swift in Sources */,
				F18A7B4323F8D8CB009DDB1B /* InvertedRule.swift in Sources */,
				70EC07A5013F65B71031BBF2 /* PRule.swift in Sources */,
				F18A7B5123F8DCD4009DDB1B /* NoneOfRule.swift in Sources */,
				2DC0826A44667CC5AC09FCAC /* PRuleResolvingContext.swift in Sources */,
				C6E01ABA489FE78A69CD6A0E /* PluginPoint.swift in Sources */,
				417BBFBED2E323337523B937 /* PluginPointBuilder.swift in Sources */,
			);
			runOnlyForDeploymentPostprocessing = 0;
		};
		16B1A77740E0BA09F5137440 /* Sources */ = {
			isa = PBXSourcesBuildPhase;
			buildActionMask = 2147483647;
			files = (
				F18A7B4A23F8DCC6009DDB1B /* AllOfRule.swift in Sources */,
				9AE67C242F6A71E5904E9E9B /* AnyRule.swift in Sources */,
				C2F882B68D368DF990935D20 /* AtomRule.swift in Sources */,
				E50BDF66821B4CA81197532B /* DisabledRule.swift in Sources */,
				EA1E55081323689FA38E21A1 /* EnabledRule.swift in Sources */,
				F18A7B5423F8DCDF009DDB1B /* AnyOfRule.swift in Sources */,
				6EE2A9258633E136B7137A84 /* IdentifiedPlugin.swift in Sources */,
				74A6EE9B2F01762CEF30F51E /* PPlugin.swift in Sources */,
				F18A7B4123F8D8CB009DDB1B /* InvertedRule.swift in Sources */,
				F0D92126174E1F3C351351B9 /* PRule.swift in Sources */,
				F18A7B4F23F8DCD4009DDB1B /* NoneOfRule.swift in Sources */,
				F440DEF4AAF64C3E826D3E01 /* PRuleResolvingContext.swift in Sources */,
				1F194D5E0A91B0EC181C0D7C /* PluginPoint.swift in Sources */,
				4C9B668002722B353C8F838A /* PluginPointBuilder.swift in Sources */,
			);
			runOnlyForDeploymentPostprocessing = 0;
		};
		1923BCD74CE658519463983D /* Sources */ = {
			isa = PBXSourcesBuildPhase;
			buildActionMask = 2147483647;
			files = (
				F18A7B4B23F8DCC6009DDB1B /* AllOfRule.swift in Sources */,
				46C11BEDBB20CE68AF9DFEDE /* AnyRule.swift in Sources */,
				E1649BD8B5403432BE0B7FAD /* AtomRule.swift in Sources */,
				A60059C0B5F56A276FC80A5E /* DisabledRule.swift in Sources */,
				70EC6D626665AA0F8B724B98 /* EnabledRule.swift in Sources */,
				F18A7B5523F8DCDF009DDB1B /* AnyOfRule.swift in Sources */,
				7F46CA7B05400DCBD73940D8 /* IdentifiedPlugin.swift in Sources */,
				E57DEE6C4E26AB6BE9F6C22E /* PPlugin.swift in Sources */,
				F18A7B4223F8D8CB009DDB1B /* InvertedRule.swift in Sources */,
				2FB6FF2339274E1CBF3DC5F4 /* PRule.swift in Sources */,
				F18A7B5023F8DCD4009DDB1B /* NoneOfRule.swift in Sources */,
				90BBFA79A7968A109023CF21 /* PRuleResolvingContext.swift in Sources */,
				D31AEAFA2FFF64798CBDB78E /* PluginPoint.swift in Sources */,
				205399837D72B2BD8290ADD9 /* PluginPointBuilder.swift in Sources */,
			);
			runOnlyForDeploymentPostprocessing = 0;
		};
		2DF970163F84B05F6B3BF50B /* Sources */ = {
			isa = PBXSourcesBuildPhase;
			buildActionMask = 2147483647;
			files = (
				19A2382DE9E3FCC6AD1C30D0 /* AnyRuleTests.swift in Sources */,
				0875113739E46BE8517E5B1D /* AtomRuleTests.swift in Sources */,
				BF25732A943BF47778600659 /* DisabledRuleTests.swift in Sources */,
				9590F8194465CB482D884A3B /* EnabledRuleTests.swift in Sources */,
				F18A7B5C23F8DE83009DDB1B /* NoneOfRuleTests.swift in Sources */,
				1D7E0CB6CAECAF0BE53FAB8F /* IdentifiablePluginTests.swift in Sources */,
				46168BD65406B6DA3566C6EA /* PluginMock.swift in Sources */,
				A84EDB4263E0C893FFF053CC /* PluginPointBuilderTests.swift in Sources */,
				8F4BF890AC2995F1940463BE /* ResolvingContextMock.swift in Sources */,
				F18A7B6023F8DE8D009DDB1B /* AnyOfRuleTests.swift in Sources */,
				F18A7B4523F8D981009DDB1B /* InvertedRuleTests.swift in Sources */,
				6F3F7E64960ECB73944F3759 /* RuleMock.swift in Sources */,
				F18A7B5823F8DE78009DDB1B /* AllOfRuleTests.swift in Sources */,
			);
			runOnlyForDeploymentPostprocessing = 0;
		};
		617B63B24197A48528ADD1CC /* Sources */ = {
			isa = PBXSourcesBuildPhase;
			buildActionMask = 2147483647;
			files = (
				F18A7B4923F8DCC6009DDB1B /* AllOfRule.swift in Sources */,
				D3F9618CF83AE658317AC5FF /* AnyRule.swift in Sources */,
				5B0E0EBBC236B0DFF0BF8410 /* AtomRule.swift in Sources */,
				896D224A6ADF4836348B6109 /* DisabledRule.swift in Sources */,
				8DBB74A455AE402C5D09B4DD /* EnabledRule.swift in Sources */,
				F18A7B5323F8DCDF009DDB1B /* AnyOfRule.swift in Sources */,
				F626362EFC5518A7EC804CB2 /* IdentifiedPlugin.swift in Sources */,
				5D68DB5B792852CBC5F3668A /* PPlugin.swift in Sources */,
				F18A7B4023F8D8CB009DDB1B /* InvertedRule.swift in Sources */,
				994A7D0F44B5BEB4112B2271 /* PRule.swift in Sources */,
				F18A7B4E23F8DCD4009DDB1B /* NoneOfRule.swift in Sources */,
				7731D42910F540C897DB74AB /* PRuleResolvingContext.swift in Sources */,
				D711A68C227D05B2984AD2C2 /* PluginPoint.swift in Sources */,
				5B6749C4DE8EA1DD794A40F3 /* PluginPointBuilder.swift in Sources */,
			);
			runOnlyForDeploymentPostprocessing = 0;
		};
		BECF68396926AD372D387240 /* Sources */ = {
			isa = PBXSourcesBuildPhase;
			buildActionMask = 2147483647;
			files = (
				178D71B182906568DBB69973 /* AnyRuleTests.swift in Sources */,
				73FA1974F1053DA55579CA89 /* AtomRuleTests.swift in Sources */,
				9828D381E6430476A948BBE5 /* DisabledRuleTests.swift in Sources */,
				284C97B758BAA1BEA7530D07 /* EnabledRuleTests.swift in Sources */,
				F18A7B5D23F8DE83009DDB1B /* NoneOfRuleTests.swift in Sources */,
				1CF6CF4A49818432430B9B6F /* IdentifiablePluginTests.swift in Sources */,
				9BCEF9B5BF53A90E31F75D34 /* PluginMock.swift in Sources */,
				66CBC5C54D8C32DA0D3435ED /* PluginPointBuilderTests.swift in Sources */,
				0B0E9E8D8DBFD90EDD3D3D3A /* ResolvingContextMock.swift in Sources */,
				F18A7B6123F8DE8D009DDB1B /* AnyOfRuleTests.swift in Sources */,
				F18A7B4623F8D981009DDB1B /* InvertedRuleTests.swift in Sources */,
				1D7283BE1F4E9167C4510004 /* RuleMock.swift in Sources */,
				F18A7B5923F8DE78009DDB1B /* AllOfRuleTests.swift in Sources */,
			);
			runOnlyForDeploymentPostprocessing = 0;
		};
		DACE992747B67D40911954EC /* Sources */ = {
			isa = PBXSourcesBuildPhase;
			buildActionMask = 2147483647;
			files = (
				13025556516D516060EB34F0 /* AppDelegate.swift in Sources */,
				E5E49BE92219E1B40915FF21 /* ContentView.swift in Sources */,
				5968E69303205480FE7318F5 /* FeatureEnabledRule.swift in Sources */,
				3F46B3D990C2FA4EE2E2E2C9 /* HelloWorldView.swift in Sources */,
				4B33F218A1BC9C7B7688EE24 /* MainMenuContext.swift in Sources */,
				C6C67EB5F41D2D74C1E49EA1 /* MainMenuPluginsFactory.swift in Sources */,
				A020F5B526F43E6432734F71 /* PFeatureResolvableContext.swift in Sources */,
				4BA37A0D985C825F9796D6FE /* ViewPlugin.swift in Sources */,
			);
			runOnlyForDeploymentPostprocessing = 0;
		};
		F770DDEA56DD7D123CF4E4D2 /* Sources */ = {
			isa = PBXSourcesBuildPhase;
			buildActionMask = 2147483647;
			files = (
				639A81F848F36CEAA491E892 /* AnyRuleTests.swift in Sources */,
				D189C3F91E21E7165816055B /* AtomRuleTests.swift in Sources */,
				19BFC5F835EDBFF1A370563D /* DisabledRuleTests.swift in Sources */,
				E9BDBB89CCF6E0549851F256 /* EnabledRuleTests.swift in Sources */,
				F18A7B5E23F8DE83009DDB1B /* NoneOfRuleTests.swift in Sources */,
				749655DBB51C57A9D011517B /* IdentifiablePluginTests.swift in Sources */,
				BE98B2C2B861633BFA98B229 /* PluginMock.swift in Sources */,
				DABE9300046A12E9C279FD82 /* PluginPointBuilderTests.swift in Sources */,
				4A256BEFB4B9C5CDC59EDFAB /* ResolvingContextMock.swift in Sources */,
				F18A7B6223F8DE8D009DDB1B /* AnyOfRuleTests.swift in Sources */,
				F18A7B4723F8D981009DDB1B /* InvertedRuleTests.swift in Sources */,
				097A5471A3FB4E10E11CBE75 /* RuleMock.swift in Sources */,
				F18A7B5A23F8DE78009DDB1B /* AllOfRuleTests.swift in Sources */,
			);
			runOnlyForDeploymentPostprocessing = 0;
		};
/* End PBXSourcesBuildPhase section */

/* Begin PBXTargetDependency section */
		2D63575DB479AF2AC384A266 /* PBXTargetDependency */ = {
			isa = PBXTargetDependency;
			target = 98616B8A6A6B460D4C23D078 /* Plug_macOS */;
			targetProxy = 674B381518A80CFEF9AF3A6F /* PBXContainerItemProxy */;
		};
		58A38FBDF26813B2C3DE4349 /* PBXTargetDependency */ = {
			isa = PBXTargetDependency;
			target = 98616B8A6A6B460D4C23D078 /* Plug_macOS */;
			targetProxy = 8CCA2EDFA57751028855BA25 /* PBXContainerItemProxy */;
		};
		D048FFA463E0215371A69002 /* PBXTargetDependency */ = {
			isa = PBXTargetDependency;
			target = 98616B8A6A6B460D4C23D078 /* Plug_macOS */;
			targetProxy = 01947BC980C8CEDE05B0B149 /* PBXContainerItemProxy */;
		};
		E201C5A3747BE9174962DB14 /* PBXTargetDependency */ = {
			isa = PBXTargetDependency;
			target = 98616B8A6A6B460D4C23D078 /* Plug_macOS */;
			targetProxy = 265D09E2C0040867AA40FD1D /* PBXContainerItemProxy */;
		};
/* End PBXTargetDependency section */

/* Begin PBXVariantGroup section */
		28A9C7B0C11570B4D4052C56 /* Main.storyboard */ = {
			isa = PBXVariantGroup;
			children = (
				D414AE0D387522D3DA82E903 /* Base */,
			);
			name = Main.storyboard;
			sourceTree = "<group>";
		};
/* End PBXVariantGroup section */

/* Begin XCBuildConfiguration section */
		006704584A12275F01188CF3 /* Debug */ = {
			isa = XCBuildConfiguration;
			baseConfigurationReference = 052971658E17A80F29B06149 /* Debug.xcconfig */;
			buildSettings = {
				ALWAYS_SEARCH_USER_PATHS = NO;
				CLANG_ANALYZER_NONNULL = YES;
				CLANG_ANALYZER_NUMBER_OBJECT_CONVERSION = YES_AGGRESSIVE;
				CLANG_CXX_LANGUAGE_STANDARD = "gnu++14";
				CLANG_CXX_LIBRARY = "libc++";
				CLANG_ENABLE_MODULES = YES;
				CLANG_ENABLE_OBJC_ARC = YES;
				CLANG_WARN_BLOCK_CAPTURE_AUTORELEASING = YES;
				CLANG_WARN_BOOL_CONVERSION = YES;
				CLANG_WARN_COMMA = YES;
				CLANG_WARN_CONSTANT_CONVERSION = YES;
				CLANG_WARN_DEPRECATED_OBJC_IMPLEMENTATIONS = YES;
				CLANG_WARN_DIRECT_OBJC_ISA_USAGE = YES_ERROR;
				CLANG_WARN_DOCUMENTATION_COMMENTS = YES;
				CLANG_WARN_EMPTY_BODY = YES;
				CLANG_WARN_ENUM_CONVERSION = YES;
				CLANG_WARN_INFINITE_RECURSION = YES;
				CLANG_WARN_INT_CONVERSION = YES;
				CLANG_WARN_NON_LITERAL_NULL_CONVERSION = YES;
				CLANG_WARN_OBJC_IMPLICIT_RETAIN_SELF = YES;
				CLANG_WARN_OBJC_LITERAL_CONVERSION = YES;
				CLANG_WARN_OBJC_ROOT_CLASS = YES_ERROR;
				CLANG_WARN_RANGE_LOOP_ANALYSIS = YES;
				CLANG_WARN_STRICT_PROTOTYPES = YES;
				CLANG_WARN_SUSPICIOUS_MOVE = YES;
				CLANG_WARN_UNGUARDED_AVAILABILITY = YES_AGGRESSIVE;
				CLANG_WARN_UNREACHABLE_CODE = YES;
				CLANG_WARN__DUPLICATE_METHOD_MATCH = YES;
				COPY_PHASE_STRIP = NO;
				ENABLE_STRICT_OBJC_MSGSEND = YES;
				ENABLE_TESTABILITY = YES;
				GCC_C_LANGUAGE_STANDARD = gnu11;
				GCC_DYNAMIC_NO_PIC = NO;
				GCC_NO_COMMON_BLOCKS = YES;
				GCC_PREPROCESSOR_DEFINITIONS = (
					"$(inherited)",
					"DEBUG=1",
				);
				GCC_WARN_64_TO_32_BIT_CONVERSION = YES;
				GCC_WARN_ABOUT_RETURN_TYPE = YES_ERROR;
				GCC_WARN_UNDECLARED_SELECTOR = YES;
				GCC_WARN_UNINITIALIZED_AUTOS = YES_AGGRESSIVE;
				GCC_WARN_UNUSED_FUNCTION = YES;
				GCC_WARN_UNUSED_VARIABLE = YES;
				IPHONEOS_DEPLOYMENT_TARGET = 8.0;
				MACOSX_DEPLOYMENT_TARGET = 10.10;
				MTL_ENABLE_DEBUG_INFO = YES;
				ONLY_ACTIVE_ARCH = YES;
				PRODUCT_NAME = "$(TARGET_NAME)";
				SWIFT_ACTIVE_COMPILATION_CONDITIONS = DEBUG;
				TVOS_DEPLOYMENT_TARGET = 9.0;
				WATCHOS_DEPLOYMENT_TARGET = 2.0;
			};
			name = Debug;
		};
		0F695025D3DF7A02CAE3CDBB /* Debug */ = {
			isa = XCBuildConfiguration;
			baseConfigurationReference = A5B3A7C7FB9FF4D88A71E8A8 /* Pods-Example.debug.xcconfig */;
			buildSettings = {
				ASSETCATALOG_COMPILER_APPICON_NAME = AppIcon;
				COMBINE_HIDPI_IMAGES = YES;
				CURRENT_PROJECT_VERSION = 1;
				INFOPLIST_FILE = Example/Info.plist;
				LD_RUNPATH_SEARCH_PATHS = (
					"$(inherited)",
					"@executable_path/../Frameworks",
				);
				MACOSX_DEPLOYMENT_TARGET = 10.15;
				PRODUCT_BUNDLE_IDENTIFIER = org.lionsoftware.plug.example;
				PROVISIONING_PROFILE_SPECIFIER = "";
				SDKROOT = macosx;
			};
			name = Debug;
		};
		11E0A90B8E2C18339B4BB82A /* Release */ = {
			isa = XCBuildConfiguration;
			baseConfigurationReference = EE11872654B94B1E9434B374 /* Pods-PlugTests_tvOS.release.xcconfig */;
			buildSettings = {
				BUNDLE_LOADER = "$(TEST_HOST)";
				LD_RUNPATH_SEARCH_PATHS = (
					"$(inherited)",
					"@executable_path/Frameworks",
					"@loader_path/Frameworks",
				);
				PRODUCT_BUNDLE_IDENTIFIER = org.lionsoftware.plug.tests;
				PRODUCT_NAME = PlugTests;
				PROVISIONING_PROFILE_SPECIFIER = "";
				SDKROOT = appletvos;
				TARGETED_DEVICE_FAMILY = 3;
			};
			name = Release;
		};
		1A286078A1F15310CBFB0A7F /* Release */ = {
			isa = XCBuildConfiguration;
			baseConfigurationReference = D327BE2BF134EC8CB0F105E7 /* Pods-Plug_tvOS.release.xcconfig */;
			buildSettings = {
				CODE_SIGN_IDENTITY = "";
				CURRENT_PROJECT_VERSION = 1;
				DEFINES_MODULE = YES;
				DYLIB_COMPATIBILITY_VERSION = 1;
				DYLIB_CURRENT_VERSION = 1;
				DYLIB_INSTALL_NAME_BASE = "@rpath";
				INFOPLIST_FILE = Plug/Info.plist;
				INSTALL_PATH = "$(LOCAL_LIBRARY_DIR)/Frameworks";
				LD_RUNPATH_SEARCH_PATHS = (
					"$(inherited)",
					"@executable_path/Frameworks",
				);
				PRODUCT_BUNDLE_IDENTIFIER = "$(PLUG_BUNDLE_IDENTIFIER)";
				PRODUCT_NAME = Plug;
				PROVISIONING_PROFILE_SPECIFIER = "$(PLUG_PROVISIONING_PROFILE_SPECIFIER)";
				SDKROOT = appletvos;
				SKIP_INSTALL = YES;
				TARGETED_DEVICE_FAMILY = 3;
			};
			name = Release;
		};
		25DE6FA4C2928A1D69FBD2EB /* Release */ = {
			isa = XCBuildConfiguration;
			baseConfigurationReference = CE026E4843F0FAE14842163A /* Pods-PlugTests_macOS.release.xcconfig */;
			buildSettings = {
				BUNDLE_LOADER = "$(TEST_HOST)";
				COMBINE_HIDPI_IMAGES = YES;
				LD_RUNPATH_SEARCH_PATHS = (
					"$(inherited)",
					"@executable_path/../Frameworks",
					"@loader_path/../Frameworks",
				);
				PRODUCT_BUNDLE_IDENTIFIER = org.lionsoftware.plug.tests;
				PRODUCT_NAME = PlugTests;
				PROVISIONING_PROFILE_SPECIFIER = "";
				SDKROOT = macosx;
			};
			name = Release;
		};
		2862A4E3F9B2D3C0C160D78E /* Release */ = {
			isa = XCBuildConfiguration;
			baseConfigurationReference = 1CCFC1252C3BB4B60F8013BD /* Pods-Plug_macOS.release.xcconfig */;
			buildSettings = {
				CODE_SIGN_IDENTITY = "";
				COMBINE_HIDPI_IMAGES = YES;
				CURRENT_PROJECT_VERSION = 1;
				DEFINES_MODULE = YES;
				DYLIB_COMPATIBILITY_VERSION = 1;
				DYLIB_CURRENT_VERSION = 1;
				DYLIB_INSTALL_NAME_BASE = "@rpath";
				INFOPLIST_FILE = Plug/Info.plist;
				INSTALL_PATH = "$(LOCAL_LIBRARY_DIR)/Frameworks";
				LD_RUNPATH_SEARCH_PATHS = (
					"$(inherited)",
					"@executable_path/../Frameworks",
				);
				PRODUCT_BUNDLE_IDENTIFIER = "$(PLUG_BUNDLE_IDENTIFIER)";
				PRODUCT_NAME = Plug;
				PROVISIONING_PROFILE_SPECIFIER = "$(PLUG_PROVISIONING_PROFILE_SPECIFIER)";
				SDKROOT = macosx;
				SKIP_INSTALL = YES;
			};
			name = Release;
		};
		2C2A5BABEC92D72356CD3AAE /* Debug */ = {
			isa = XCBuildConfiguration;
			baseConfigurationReference = 48DA830F3CDDE461C41E5D0C /* Pods-Plug_macOS.debug.xcconfig */;
			buildSettings = {
				CODE_SIGN_IDENTITY = "";
				COMBINE_HIDPI_IMAGES = YES;
				CURRENT_PROJECT_VERSION = 1;
				DEFINES_MODULE = YES;
				DYLIB_COMPATIBILITY_VERSION = 1;
				DYLIB_CURRENT_VERSION = 1;
				DYLIB_INSTALL_NAME_BASE = "@rpath";
				INFOPLIST_FILE = Plug/Info.plist;
				INSTALL_PATH = "$(LOCAL_LIBRARY_DIR)/Frameworks";
				LD_RUNPATH_SEARCH_PATHS = (
					"$(inherited)",
					"@executable_path/../Frameworks",
				);
				PRODUCT_BUNDLE_IDENTIFIER = "$(PLUG_BUNDLE_IDENTIFIER)";
				PRODUCT_NAME = Plug;
				PROVISIONING_PROFILE_SPECIFIER = "$(PLUG_PROVISIONING_PROFILE_SPECIFIER)";
				SDKROOT = macosx;
				SKIP_INSTALL = YES;
			};
			name = Debug;
		};
		437B59B02D8B38D778E2CDFC /* Debug */ = {
			isa = XCBuildConfiguration;
			baseConfigurationReference = B1B3D7F309AD75969F618C5F /* Pods-PlugTests_macOS.debug.xcconfig */;
			buildSettings = {
				BUNDLE_LOADER = "$(TEST_HOST)";
				COMBINE_HIDPI_IMAGES = YES;
				LD_RUNPATH_SEARCH_PATHS = (
					"$(inherited)",
					"@executable_path/../Frameworks",
					"@loader_path/../Frameworks",
				);
				PRODUCT_BUNDLE_IDENTIFIER = org.lionsoftware.plug.tests;
				PRODUCT_NAME = PlugTests;
				PROVISIONING_PROFILE_SPECIFIER = "";
				SDKROOT = macosx;
			};
			name = Debug;
		};
		4F53E8521955ED0D508F98A3 /* Release */ = {
			isa = XCBuildConfiguration;
			baseConfigurationReference = E65330F0BBBC40A826F4A35B /* Release.xcconfig */;
			buildSettings = {
				ALWAYS_SEARCH_USER_PATHS = NO;
				CLANG_ANALYZER_NONNULL = YES;
				CLANG_ANALYZER_NUMBER_OBJECT_CONVERSION = YES_AGGRESSIVE;
				CLANG_CXX_LANGUAGE_STANDARD = "gnu++14";
				CLANG_CXX_LIBRARY = "libc++";
				CLANG_ENABLE_MODULES = YES;
				CLANG_ENABLE_OBJC_ARC = YES;
				CLANG_WARN_BLOCK_CAPTURE_AUTORELEASING = YES;
				CLANG_WARN_BOOL_CONVERSION = YES;
				CLANG_WARN_COMMA = YES;
				CLANG_WARN_CONSTANT_CONVERSION = YES;
				CLANG_WARN_DEPRECATED_OBJC_IMPLEMENTATIONS = YES;
				CLANG_WARN_DIRECT_OBJC_ISA_USAGE = YES_ERROR;
				CLANG_WARN_DOCUMENTATION_COMMENTS = YES;
				CLANG_WARN_EMPTY_BODY = YES;
				CLANG_WARN_ENUM_CONVERSION = YES;
				CLANG_WARN_INFINITE_RECURSION = YES;
				CLANG_WARN_INT_CONVERSION = YES;
				CLANG_WARN_NON_LITERAL_NULL_CONVERSION = YES;
				CLANG_WARN_OBJC_IMPLICIT_RETAIN_SELF = YES;
				CLANG_WARN_OBJC_LITERAL_CONVERSION = YES;
				CLANG_WARN_OBJC_ROOT_CLASS = YES_ERROR;
				CLANG_WARN_RANGE_LOOP_ANALYSIS = YES;
				CLANG_WARN_STRICT_PROTOTYPES = YES;
				CLANG_WARN_SUSPICIOUS_MOVE = YES;
				CLANG_WARN_UNGUARDED_AVAILABILITY = YES_AGGRESSIVE;
				CLANG_WARN_UNREACHABLE_CODE = YES;
				CLANG_WARN__DUPLICATE_METHOD_MATCH = YES;
				COPY_PHASE_STRIP = NO;
				ENABLE_NS_ASSERTIONS = NO;
				ENABLE_STRICT_OBJC_MSGSEND = YES;
				GCC_C_LANGUAGE_STANDARD = gnu11;
				GCC_NO_COMMON_BLOCKS = YES;
				GCC_WARN_64_TO_32_BIT_CONVERSION = YES;
				GCC_WARN_ABOUT_RETURN_TYPE = YES_ERROR;
				GCC_WARN_UNDECLARED_SELECTOR = YES;
				GCC_WARN_UNINITIALIZED_AUTOS = YES_AGGRESSIVE;
				GCC_WARN_UNUSED_FUNCTION = YES;
				GCC_WARN_UNUSED_VARIABLE = YES;
				IPHONEOS_DEPLOYMENT_TARGET = 8.0;
				MACOSX_DEPLOYMENT_TARGET = 10.10;
				PRODUCT_NAME = "$(TARGET_NAME)";
				TVOS_DEPLOYMENT_TARGET = 9.0;
				VALIDATE_PRODUCT = YES;
				WATCHOS_DEPLOYMENT_TARGET = 2.0;
			};
			name = Release;
		};
		52BBB2B097F43D44F1D2BA21 /* Debug */ = {
			isa = XCBuildConfiguration;
			baseConfigurationReference = 3670C041EB7E154BE559FD33 /* Pods-Plug_watchOS.debug.xcconfig */;
			buildSettings = {
				CODE_SIGN_IDENTITY = "";
				CURRENT_PROJECT_VERSION = 1;
				DEFINES_MODULE = YES;
				DYLIB_COMPATIBILITY_VERSION = 1;
				DYLIB_CURRENT_VERSION = 1;
				DYLIB_INSTALL_NAME_BASE = "@rpath";
				INFOPLIST_FILE = Plug/Info.plist;
				INSTALL_PATH = "$(LOCAL_LIBRARY_DIR)/Frameworks";
				PRODUCT_BUNDLE_IDENTIFIER = "$(PLUG_BUNDLE_IDENTIFIER)";
				PRODUCT_NAME = Plug;
				PROVISIONING_PROFILE_SPECIFIER = "$(PLUG_PROVISIONING_PROFILE_SPECIFIER)";
				SDKROOT = watchos;
				SKIP_INSTALL = YES;
				TARGETED_DEVICE_FAMILY = 4;
			};
			name = Debug;
		};
		ADEAB51D2037451850501D28 /* Release */ = {
			isa = XCBuildConfiguration;
			baseConfigurationReference = 33E2D5741016AAF3C1BD329C /* Pods-Plug_watchOS.release.xcconfig */;
			buildSettings = {
				CODE_SIGN_IDENTITY = "";
				CURRENT_PROJECT_VERSION = 1;
				DEFINES_MODULE = YES;
				DYLIB_COMPATIBILITY_VERSION = 1;
				DYLIB_CURRENT_VERSION = 1;
				DYLIB_INSTALL_NAME_BASE = "@rpath";
				INFOPLIST_FILE = Plug/Info.plist;
				INSTALL_PATH = "$(LOCAL_LIBRARY_DIR)/Frameworks";
				PRODUCT_BUNDLE_IDENTIFIER = "$(PLUG_BUNDLE_IDENTIFIER)";
				PRODUCT_NAME = Plug;
				PROVISIONING_PROFILE_SPECIFIER = "$(PLUG_PROVISIONING_PROFILE_SPECIFIER)";
				SDKROOT = watchos;
				SKIP_INSTALL = YES;
				TARGETED_DEVICE_FAMILY = 4;
			};
			name = Release;
		};
		B2384A88AE2C1E6D0047DD9A /* Debug */ = {
			isa = XCBuildConfiguration;
			baseConfigurationReference = 6D29063CE637F6D37EA05CE9 /* Pods-Plug_tvOS.debug.xcconfig */;
			buildSettings = {
				CODE_SIGN_IDENTITY = "";
				CURRENT_PROJECT_VERSION = 1;
				DEFINES_MODULE = YES;
				DYLIB_COMPATIBILITY_VERSION = 1;
				DYLIB_CURRENT_VERSION = 1;
				DYLIB_INSTALL_NAME_BASE = "@rpath";
				INFOPLIST_FILE = Plug/Info.plist;
				INSTALL_PATH = "$(LOCAL_LIBRARY_DIR)/Frameworks";
				LD_RUNPATH_SEARCH_PATHS = (
					"$(inherited)",
					"@executable_path/Frameworks",
				);
				PRODUCT_BUNDLE_IDENTIFIER = "$(PLUG_BUNDLE_IDENTIFIER)";
				PRODUCT_NAME = Plug;
				PROVISIONING_PROFILE_SPECIFIER = "$(PLUG_PROVISIONING_PROFILE_SPECIFIER)";
				SDKROOT = appletvos;
				SKIP_INSTALL = YES;
				TARGETED_DEVICE_FAMILY = 3;
			};
			name = Debug;
		};
		B5B19175870E64DECD820654 /* Debug */ = {
			isa = XCBuildConfiguration;
			baseConfigurationReference = 264533B1E8D64A36CFFE465C /* Pods-PlugTests_tvOS.debug.xcconfig */;
			buildSettings = {
				BUNDLE_LOADER = "$(TEST_HOST)";
				LD_RUNPATH_SEARCH_PATHS = (
					"$(inherited)",
					"@executable_path/Frameworks",
					"@loader_path/Frameworks",
				);
				PRODUCT_BUNDLE_IDENTIFIER = org.lionsoftware.plug.tests;
				PRODUCT_NAME = PlugTests;
				PROVISIONING_PROFILE_SPECIFIER = "";
				SDKROOT = appletvos;
				TARGETED_DEVICE_FAMILY = 3;
			};
			name = Debug;
		};
		B7EC122044FBFD3EB9DF94D4 /* Release */ = {
			isa = XCBuildConfiguration;
			baseConfigurationReference = A8DE42FD1105A43CB6CBBB58 /* Pods-Plug_iOS.release.xcconfig */;
			buildSettings = {
				CODE_SIGN_IDENTITY = "";
				CURRENT_PROJECT_VERSION = 1;
				DEFINES_MODULE = YES;
				DYLIB_COMPATIBILITY_VERSION = 1;
				DYLIB_CURRENT_VERSION = 1;
				DYLIB_INSTALL_NAME_BASE = "@rpath";
				INFOPLIST_FILE = Plug/Info.plist;
				INSTALL_PATH = "$(LOCAL_LIBRARY_DIR)/Frameworks";
				LD_RUNPATH_SEARCH_PATHS = (
					"$(inherited)",
					"@executable_path/Frameworks",
				);
				PRODUCT_BUNDLE_IDENTIFIER = "$(PLUG_BUNDLE_IDENTIFIER)";
				PRODUCT_NAME = Plug;
				PROVISIONING_PROFILE_SPECIFIER = "$(PLUG_PROVISIONING_PROFILE_SPECIFIER)";
				SDKROOT = iphoneos;
				SKIP_INSTALL = YES;
				TARGETED_DEVICE_FAMILY = "1,2";
			};
			name = Release;
		};
		C3F4DC7DC9B770999B5F0EE4 /* Release */ = {
			isa = XCBuildConfiguration;
			baseConfigurationReference = 9099FEEA3E598B324AD6DC41 /* Pods-Example.release.xcconfig */;
			buildSettings = {
				ASSETCATALOG_COMPILER_APPICON_NAME = AppIcon;
				COMBINE_HIDPI_IMAGES = YES;
				CURRENT_PROJECT_VERSION = 1;
				INFOPLIST_FILE = Example/Info.plist;
				LD_RUNPATH_SEARCH_PATHS = (
					"$(inherited)",
					"@executable_path/../Frameworks",
				);
				MACOSX_DEPLOYMENT_TARGET = 10.15;
				PRODUCT_BUNDLE_IDENTIFIER = org.lionsoftware.plug.example;
				PROVISIONING_PROFILE_SPECIFIER = "";
				SDKROOT = macosx;
			};
			name = Release;
		};
		EA8C5741B357EC5B8061443F /* Debug */ = {
			isa = XCBuildConfiguration;
			baseConfigurationReference = 3BC181A2AFEB8984547B371F /* Pods-PlugTests_iOS.debug.xcconfig */;
			buildSettings = {
				BUNDLE_LOADER = "$(TEST_HOST)";
				LD_RUNPATH_SEARCH_PATHS = (
					"$(inherited)",
					"@executable_path/Frameworks",
					"@loader_path/Frameworks",
				);
				PRODUCT_BUNDLE_IDENTIFIER = org.lionsoftware.plug.tests;
				PRODUCT_NAME = PlugTests;
				PROVISIONING_PROFILE_SPECIFIER = "";
				SDKROOT = iphoneos;
				TARGETED_DEVICE_FAMILY = "1,2";
			};
			name = Debug;
		};
		F130669C7961C83C97ED4198 /* Debug */ = {
			isa = XCBuildConfiguration;
			baseConfigurationReference = B097DB8C5BB414DBDB0CBAF5 /* Pods-Plug_iOS.debug.xcconfig */;
			buildSettings = {
				CODE_SIGN_IDENTITY = "";
				CURRENT_PROJECT_VERSION = 1;
				DEFINES_MODULE = YES;
				DYLIB_COMPATIBILITY_VERSION = 1;
				DYLIB_CURRENT_VERSION = 1;
				DYLIB_INSTALL_NAME_BASE = "@rpath";
				INFOPLIST_FILE = Plug/Info.plist;
				INSTALL_PATH = "$(LOCAL_LIBRARY_DIR)/Frameworks";
				LD_RUNPATH_SEARCH_PATHS = (
					"$(inherited)",
					"@executable_path/Frameworks",
				);
				PRODUCT_BUNDLE_IDENTIFIER = "$(PLUG_BUNDLE_IDENTIFIER)";
				PRODUCT_NAME = Plug;
				PROVISIONING_PROFILE_SPECIFIER = "$(PLUG_PROVISIONING_PROFILE_SPECIFIER)";
				SDKROOT = iphoneos;
				SKIP_INSTALL = YES;
				TARGETED_DEVICE_FAMILY = "1,2";
			};
			name = Debug;
		};
		F97891021E43655CBB9D0B8C /* Release */ = {
			isa = XCBuildConfiguration;
			baseConfigurationReference = 196AE5CE800E89A2DDF9281F /* Pods-PlugTests_iOS.release.xcconfig */;
			buildSettings = {
				BUNDLE_LOADER = "$(TEST_HOST)";
				LD_RUNPATH_SEARCH_PATHS = (
					"$(inherited)",
					"@executable_path/Frameworks",
					"@loader_path/Frameworks",
				);
				PRODUCT_BUNDLE_IDENTIFIER = org.lionsoftware.plug.tests;
				PRODUCT_NAME = PlugTests;
				PROVISIONING_PROFILE_SPECIFIER = "";
				SDKROOT = iphoneos;
				TARGETED_DEVICE_FAMILY = "1,2";
			};
			name = Release;
		};
/* End XCBuildConfiguration section */

/* Begin XCConfigurationList section */
		0D29C73257D4C3852F68E609 /* Build configuration list for PBXNativeTarget "Plug_watchOS" */ = {
			isa = XCConfigurationList;
			buildConfigurations = (
				52BBB2B097F43D44F1D2BA21 /* Debug */,
				ADEAB51D2037451850501D28 /* Release */,
			);
			defaultConfigurationIsVisible = 0;
			defaultConfigurationName = "";
		};
		2A7763FB29F35073D3C2AC16 /* Build configuration list for PBXNativeTarget "Plug_tvOS" */ = {
			isa = XCConfigurationList;
			buildConfigurations = (
				B2384A88AE2C1E6D0047DD9A /* Debug */,
				1A286078A1F15310CBFB0A7F /* Release */,
			);
			defaultConfigurationIsVisible = 0;
			defaultConfigurationName = "";
		};
		39A7E2EEF35CADBC50C0773E /* Build configuration list for PBXNativeTarget "Plug_iOS" */ = {
			isa = XCConfigurationList;
			buildConfigurations = (
				F130669C7961C83C97ED4198 /* Debug */,
				B7EC122044FBFD3EB9DF94D4 /* Release */,
			);
			defaultConfigurationIsVisible = 0;
			defaultConfigurationName = "";
		};
		3CC93341A794138A9DD7647E /* Build configuration list for PBXProject "Plug" */ = {
			isa = XCConfigurationList;
			buildConfigurations = (
				006704584A12275F01188CF3 /* Debug */,
				4F53E8521955ED0D508F98A3 /* Release */,
			);
			defaultConfigurationIsVisible = 0;
			defaultConfigurationName = Debug;
		};
		643AFDD9EB5366D1D49F9D7F /* Build configuration list for PBXNativeTarget "Example" */ = {
			isa = XCConfigurationList;
			buildConfigurations = (
				0F695025D3DF7A02CAE3CDBB /* Debug */,
				C3F4DC7DC9B770999B5F0EE4 /* Release */,
			);
			defaultConfigurationIsVisible = 0;
			defaultConfigurationName = "";
		};
		870D45E7B4445B111F0F0DB8 /* Build configuration list for PBXNativeTarget "PlugTests_macOS" */ = {
			isa = XCConfigurationList;
			buildConfigurations = (
				437B59B02D8B38D778E2CDFC /* Debug */,
				25DE6FA4C2928A1D69FBD2EB /* Release */,
			);
			defaultConfigurationIsVisible = 0;
			defaultConfigurationName = "";
		};
		CBEAFE64C0331F5101197CEA /* Build configuration list for PBXNativeTarget "PlugTests_iOS" */ = {
			isa = XCConfigurationList;
			buildConfigurations = (
				EA8C5741B357EC5B8061443F /* Debug */,
				F97891021E43655CBB9D0B8C /* Release */,
			);
			defaultConfigurationIsVisible = 0;
			defaultConfigurationName = "";
		};
		DBC47765B467F69D33940529 /* Build configuration list for PBXNativeTarget "PlugTests_tvOS" */ = {
			isa = XCConfigurationList;
			buildConfigurations = (
				B5B19175870E64DECD820654 /* Debug */,
				11E0A90B8E2C18339B4BB82A /* Release */,
			);
			defaultConfigurationIsVisible = 0;
			defaultConfigurationName = "";
		};
		F35EE1BA23D4815024A667CE /* Build configuration list for PBXNativeTarget "Plug_macOS" */ = {
			isa = XCConfigurationList;
			buildConfigurations = (
				2C2A5BABEC92D72356CD3AAE /* Debug */,
				2862A4E3F9B2D3C0C160D78E /* Release */,
			);
			defaultConfigurationIsVisible = 0;
			defaultConfigurationName = "";
		};
/* End XCConfigurationList section */
	};
	rootObject = A4314E66DF9F3AFE4193E7C8 /* Project object */;
}
